cloudeng.io/file v0.0.0-20240216200759-35fa2e42dbbc h1:4d18XpXHMqroIzbEvyqMVd9qK5eGR8GLfiIB3CIyogk=
cloudeng.io/file v0.0.0-20240216200759-35fa2e42dbbc/go.mod h1:cmNGFILlDaNku6KiLsXeAGjY/227h2Pdb3pY763KG9s=
cloudeng.io/file v0.0.0-20240216210625-17d79d550ac8 h1:1zFE58a42i9yZUe0OlEXNOoRSrKf8q2IMEnwJaDu6f4=
cloudeng.io/file v0.0.0-20240216210625-17d79d550ac8/go.mod h1:cmNGFILlDaNku6KiLsXeAGjY/227h2Pdb3pY763KG9s=
