cloudeng.io/cmdutil v0.0.0-20240316212519-c83428bae4cf h1:5uiDYVCW66yI+MJ8suKtUxb+FsQlVH1RH8tNRAd2Suw=
cloudeng.io/cmdutil v0.0.0-20240316212519-c83428bae4cf/go.mod h1:FvW2OnlZDgDaYoa+QbCm8RLJOkeXHZMF8z/ZR99uku8=
cloudeng.io/debug v0.0.0-20231026032435-4ad1389db593 h1:WEFkomseqbtoV3sDgMh25BeMUjajGB3nFRUbV1X/auo=
cloudeng.io/debug v0.0.0-20231026032435-4ad1389db593/go.mod h1:L94l9rix3PTZaCmlR4UiHtcU0ZVlFu5/BWbwgWSqqqk=
cloudeng.io/errors v0.0.8/go.mod h1:xWamLL6tn3roKI6MRRFkw1jUkJL9s7CJzFYfaxuhHZk=
cloudeng.io/errors v0.0.10 h1:M/UgEEjD1v9MiGAw4QFkSREPdmScPt1YVuKESbRy8zU=
cloudeng.io/errors v0.0.10/go.mod h1:GO+C05d4kZnEqUC5Po9vajcyG8ibIzYCcOuomXHEznQ=
cloudeng.io/file v0.0.0-20240316212519-c83428bae4cf h1:7LxK8qUatnCCOLGNAPZU91uICLamn++vJXD+B6IqKO4=
cloudeng.io/file v0.0.0-20240316212519-c83428bae4cf/go.mod h1:cmNGFILlDaNku6KiLsXeAGjY/227h2Pdb3pY763KG9s=
cloudeng.io/net v0.0.0-20240315173010-822871381e62 h1:ZznULSxracFn9ji/iix+i68r1aeJI5Thk1mglsmLUNo=
cloudeng.io/net v0.0.0-20240315173010-822871381e62/go.mod h1:1MmRGFc96u3Ml+XNlnsq/Pjmu5XwDxXi9zvkKpkTPlk=
cloudeng.io/os v0.0.0-20240315173010-822871381e62 h1:L2puLEgKOPu/gsAU7XYRd+AM+GCRNctKxxHhw2LoLvU=
cloudeng.io/os v0.0.0-20240315173010-822871381e62/go.mod h1:astGX/wZRKN9SuNzFyaFmpE2GilpMaM7TYO1UKbBfaU=
cloudeng.io/path v0.0.9 h1:4kqfJ2OJwScl4E+iTo41ofV+pc4y8ZevAfUVkGSNALI=
cloudeng.io/path v0.0.9/go.mod h1:ZNgON0dxZp8dA2igYqywNcB3cEc5cvJniYaYVPWy3l8=
cloudeng.io/sync v0.0.8 h1:N8o5Qo5sjxwDktWIW/7rfK14O74jGS3pprefjF3EFKA=
cloudeng.io/sync v0.0.8/go.mod h1:76qdZzMQSN+iPeQxY9MSbnSELKQmcd9E6pnfRgWgN8s=
cloudeng.io/sys v0.0.0-20240213043943-f6a8f92f083f h1:KdhLXue6VSV+d0pSSAfD/0awkrx538f48hoZ2Ie79I8=
cloudeng.io/sys v0.0.0-20240213043943-f6a8f92f083f/go.mod h1:6eUpMj/QN8awJqgPi9IIPWeVV1H27XcfF2bta2MzmOY=
cloudeng.io/text v0.0.11 h1:q3+p3gxwNdr/V+k4+77fj9QxVpUU8G7B4+v26m+sE8I=
cloudeng.io/text v0.0.11/go.mod h1:99L3CQ55YhUy2+lHlFPowYyCoXO86fmkvNtcMT2X3GU=
cloudeng.io/webapi/operations v0.0.0-20240304190508-aff8e8812700 h1:yvKEgHKMhRqmu6ZvgbytXrrxkoZuUu6yS91eX5z/92A=
cloudeng.io/webapi/operations v0.0.0-20240304190508-aff8e8812700/go.mod h1:SqDrBZ5chKUVsOjsiYv1bsRNmQ7u9rlp5aZpxAARzD4=
cloudeng.io/webapi/webapitestutil v0.0.0-20230204003545-f310593967e5 h1:jzjeFPX1nflSztwDt2Xv+IiqjBGkkSB6vvwb5j7fjLQ=
cloudeng.io/webapi/webapitestutil v0.0.0-20230204003545-f310593967e5/go.mod h1:0tQ0jYj6jH3d4Jj0c2oOaB5TLbNwLu6kxQdS+2GbdbY=
github.com/creack/pty v1.1.9/go.mod h1:oKZEueFk5CKHvIhNR5MUki03XCEU+Q6VDXinZuGJ33E=
github.com/kr/pretty v0.3.1 h1:flRD4NNwYAUpkphVc1HcthR4KEIFJ65n8Mw5qdRn3LE=
github.com/kr/pretty v0.3.1/go.mod h1:hoEshYVHaxMs3cyo3Yncou5ZscifuDolrwPKZanG3xk=
github.com/kr/text v0.2.0 h1:5Nx0Ya0ZqY2ygV366QzturHI13Jq95ApcVaJBhpS+AY=
github.com/kr/text v0.2.0/go.mod h1:eLer722TekiGuMkidMxC/pM04lWEeraHUUmBw8l2grE=
github.com/rogpeppe/go-internal v1.12.0 h1:exVL4IDcn6na9z1rAb56Vxr+CgyK3nn3O+epU5NdKM8=
github.com/rogpeppe/go-internal v1.12.0/go.mod h1:E+RYuTGaKKdloAfM02xzb0FW3Paa99yedzYV+kq4uf4=
golang.org/x/net v0.22.0 h1:9sGLhx7iRIHEiX0oAJ3MRZMUCElJgy7Br1nO+AMN3Tc=
golang.org/x/net v0.22.0/go.mod h1:JKghWKKOSdJwpW2GEx0Ja7fmaKnMsbu+MWVZTokSYmg=
golang.org/x/sys v0.18.0 h1:DBdB3niSjOA/O0blCZBqDefyWNYveAYMNF1Wum0DYQ4=
golang.org/x/sys v0.18.0/go.mod h1:/VUhepiaJMQUp4+oa/7Zr1D23ma6VTLIYjOOTFZPUcA=
gopkg.in/check.v1 v0.0.0-20161208181325-20d25e280405/go.mod h1:Co6ibVJAznAaIkqp8huTwlJQCZ016jof/cbN4VW5Yz0=
gopkg.in/check.v1 v1.0.0-20201130134442-10cb98267c6c h1:Hei/4ADfdWqJk1ZMxUNpqntNwaWcugrBjAiHlqqRiVk=
gopkg.in/check.v1 v1.0.0-20201130134442-10cb98267c6c/go.mod h1:JHkPIbrfpd72SG/EVd6muEfDQjcINNoR0C8j2r3qZ4Q=
gopkg.in/yaml.v2 v2.4.0 h1:D8xgwECY7CYvx+Y2n4sBz93Jn9JRvxdiyyo8CTfuKaY=
gopkg.in/yaml.v2 v2.4.0/go.mod h1:RDklbk79AGWmwhnvt/jBztapEOGDOx6ZbXqjP6csGnQ=
gopkg.in/yaml.v3 v3.0.1 h1:fxVm/GzAzEWqLHuvctI91KS9hhNmmWOoWu0XTYJS7CA=
gopkg.in/yaml.v3 v3.0.1/go.mod h1:K4uyk7z7BCEPqu6E+C64Yfv1cQ7kz7rIZviUmN+EgEM=
