cloudeng.io/algo v0.0.0-20260108221821-c297f12474b8 h1:+YtnSPrXu7AQ+xidRmRmMzhz+Wj6Pk2GKptzJGaeq+w=
cloudeng.io/algo v0.0.0-20260108221821-c297f12474b8/go.mod h1:UZ8vyc4kEQUKOdaj5K0KfFZjUbSguHKBTEkhzA17zmw=
cloudeng.io/datetime v0.0.0-20260108221821-c297f12474b8 h1:ds14Oa6W2ZKMHNWR20z3qC75IgLs8z+5XXzNixWYikU=
cloudeng.io/datetime v0.0.0-20260108221821-c297f12474b8/go.mod h1:Ga3GzLcYdr3L5ZBZJoe/7zFPdSarifRuP6F2kEkXYH8=
cloudeng.io/debug v0.0.0-20251104042927-f7e1e5e3ef21 h1:8X8fYjZHc+kayF+OuT1dCJw1/W/8sNybcHEKSYmK8TY=
cloudeng.io/debug v0.0.0-20251104042927-f7e1e5e3ef21/go.mod h1:XmMPhxxJQ3OEPfcwsIUNqj9cjlTiwwSDK3hCCAQYeLw=
cloudeng.io/errors v0.0.13 h1:VNAhh/LMgXDzfSx/LxeYU+A6UUBP6K65yTyvQd2OJ5E=
cloudeng.io/errors v0.0.13/go.mod h1:+IAMDlCNxHDxlWE9vjkPxED0d7Wzt7Nl3REebuCO4m8=
cloudeng.io/file v0.0.0-20260108221821-c297f12474b8 h1:E225xow2n/1HD6lhrVUnaPxIS3HxdVArUpPVLxqviQY=
cloudeng.io/file v0.0.0-20260108221821-c297f12474b8/go.mod h1:vCRzdxyGkyTDq0KjdG2Z1cmEXM/Cof6mO1LkYv7WJos=
cloudeng.io/logging v0.0.0-20260108192015-3dc1bcfdd4c2 h1:ymFOJUvfZ5XhoejF59f9Ts8/NurX2NxJDfaVx9ewcms=
cloudeng.io/logging v0.0.0-20260108192015-3dc1bcfdd4c2/go.mod h1:D0TUs3Aiwa1c7xI/TE7JITYnICck34r6DR5twakJjIs=
cloudeng.io/net v0.0.0-20260108192015-3dc1bcfdd4c2 h1:/ZnaJOQm99HGJQtf4+bo9IyftvS1Ark6dd1FgAml5sY=
cloudeng.io/net v0.0.0-20260108192015-3dc1bcfdd4c2/go.mod h1:oHtaAJ5yc0uZXctcnPX60pq+HY6xs/OpD9KxrYirmNw=
cloudeng.io/sync v0.0.9-0.20251104042927-f7e1e5e3ef21 h1:euZCs56b25in7dFfFScc5nlmBiMlGvUdTjloGPA9c+w=
cloudeng.io/sync v0.0.9-0.20251104042927-f7e1e5e3ef21/go.mod h1:bPp7qbb4lSaOsQEAsGX7NCvyKAgekc4/Vxd2yYeyVM0=
cloudeng.io/sys v0.0.0-20260108054113-6b0ece4b9fa3 h1:VXm70ZMfCsIJ6chiLdJou+EkyefAOvL3kg8FKv1ClBs=
cloudeng.io/sys v0.0.0-20260108054113-6b0ece4b9fa3/go.mod h1:uYoxAmkWot8hXRb/H6nxrM8Fbhoq5Kzv957WWVpti0o=
cloudeng.io/webapi/operations v0.0.0-20251208164608-acc885628e1d h1:gpgzgpzKNgo82QN9UIirH82jU97LJxq+vCFOdRW6poE=
cloudeng.io/webapi/operations v0.0.0-20251208164608-acc885628e1d/go.mod h1:6QJzrJaEiqpNW+GdOn7AOlZkPYUaYMXCrycR58RKpwg=
cloudeng.io/webapi/webapitestutil v0.0.0-20251208164608-acc885628e1d h1:9kyM4moP1mJjZ2Xyz8o0Ojm34u3vE0JqoxsVF5uWk+0=
cloudeng.io/webapi/webapitestutil v0.0.0-20251208164608-acc885628e1d/go.mod h1:/v4SzjtAFY/+FcVh5IyVbulzZTfHbhuqN7qtcWZmHU0=
cloudeng.io/windows v0.0.0-20251203211350-c30caae1cc5e h1:88FLgbskFkcsZSgh3jncYqYBg1J2eLHGzmdp74APrCQ=
cloudeng.io/windows v0.0.0-20251203211350-c30caae1cc5e/go.mod h1:tUOArMXLISe8OY+lHimWwdHMev5N7MwQGczQgTYZb3Y=
golang.org/x/sys v0.40.0 h1:DBZZqJ2Rkml6QMQsZywtnjnnGvHza6BTfYFWY9kjEWQ=
golang.org/x/sys v0.40.0/go.mod h1:OgkHotnGiDImocRcuBABYBEXf8A9a87e/uXjp9XT3ks=
