cloudeng.io/algo v0.0.0-20260611161950-23029f4a5674 h1:zOYDklOjIa5Ea9AnTcS8lh0EgQGEY74NUdXmaMy04D4=
cloudeng.io/algo v0.0.0-20260611161950-23029f4a5674/go.mod h1:4pi+ttpUgIAKHZMjAotDRJ6p2iX8HFuYse3N/MCrNBU=
cloudeng.io/datetime v0.0.0-20260611161950-23029f4a5674 h1:N8K2ngNz9fPA4t8+zy7uCHGAss0sOIuNGCb36lkK12M=
cloudeng.io/datetime v0.0.0-20260611161950-23029f4a5674/go.mod h1:PaXdnqMS/fE5g0W3xXczpSs8iuPaBF+fat2CtqieORQ=
cloudeng.io/debug v0.0.0-20260527194618-4cb6d4558850 h1:gUar3YNqSdi+uvszdB44uBuutJnWWZX1lzAzlT/Y0IA=
cloudeng.io/debug v0.0.0-20260527194618-4cb6d4558850/go.mod h1:MECwal0eFhXI3wixLVjNGnXohW4qGQRg+J68yQWmi9k=
cloudeng.io/errors v0.0.14-0.20260312171538-61fcde6ce278 h1:zvkZ9WBpBjerUAhl+SLCcQLar2mNdsA0kFc0Ku5NKVQ=
cloudeng.io/errors v0.0.14-0.20260312171538-61fcde6ce278/go.mod h1:6TivTMjXopNNZ0eNsac9MfYij1WC6R0gJcsSIxcunIA=
cloudeng.io/file v0.0.0-20260611161950-23029f4a5674 h1:IDcUsZbwGtcEBdJKocaeqHgarTE14ARv5E4MppYLypQ=
cloudeng.io/file v0.0.0-20260611161950-23029f4a5674/go.mod h1:Z5gYBk5ywq6U89rAYH6vgADlZXOzb4Wt18cmZSt59b0=
cloudeng.io/logging v0.0.0-20260611161950-23029f4a5674 h1:UkXiaExRPabqjo6F4NWD9RNd3QACP8k2o6GK5ghz20I=
cloudeng.io/logging v0.0.0-20260611161950-23029f4a5674/go.mod h1:1srNtLRpQsIoLck/p/JmvR/QfwfPbDO/65orqtdh1N0=
cloudeng.io/sync v0.0.11 h1:w0KEssgwRzTwZ0ZVNaNmBExkvy+GBHK6rdokFSZE7H0=
cloudeng.io/sync v0.0.11/go.mod h1:F9NpbM4iI6Rg74moXYpFdAU+ljdB9RKLWNuYvF0cFJE=
cloudeng.io/sys v0.0.0-20260606211206-13a5cf17eb80 h1:Dh99H2QWpzaNE1n60+zao8VFDZ0o2K00vCxDlmUu/8g=
cloudeng.io/sys v0.0.0-20260606211206-13a5cf17eb80/go.mod h1:qG5T8kpTw7woREyNcrh5O5sbTSINaCNXz+OGoHTVHPw=
cloudeng.io/windows v0.0.0-20251203211350-c30caae1cc5e h1:88FLgbskFkcsZSgh3jncYqYBg1J2eLHGzmdp74APrCQ=
cloudeng.io/windows v0.0.0-20251203211350-c30caae1cc5e/go.mod h1:tUOArMXLISe8OY+lHimWwdHMev5N7MwQGczQgTYZb3Y=
golang.org/x/sync v0.21.0 h1:HLII4xRRTtCRkxYp4HNFF0Js/Og6q2i++KXbg0gHCwM=
golang.org/x/sync v0.21.0/go.mod h1:9xrNwdLfx4jkKbNva9FpL6vEN7evnE43NNNJQ2LF3+0=
golang.org/x/sys v0.46.0 h1:noSf2Fq6F8DBgS+LysIkx7rIExoNHJsxOAtPp4rthXw=
golang.org/x/sys v0.46.0/go.mod h1:4GL1E5IUh+htKOUEOaiffhrAeqysfVGipDYzABqnCmw=
