cloudeng.io/algo v0.0.0-20250428004842-3ae3ab52e2d8 h1:dL7wM61vCcV/WVXp/vmKA0kPm7NOoJefZAJiQewPvu8=
cloudeng.io/algo v0.0.0-20250428004842-3ae3ab52e2d8/go.mod h1:UZ8vyc4kEQUKOdaj5K0KfFZjUbSguHKBTEkhzA17zmw=
cloudeng.io/datetime v0.0.0-20250428004842-3ae3ab52e2d8 h1:gbu/RNGSXC0CzSS+8X3C1juqdntGVp5U0CDf3X9Gh0I=
cloudeng.io/datetime v0.0.0-20250428004842-3ae3ab52e2d8/go.mod h1:/vJ5Opdclc6UQ0nypL8y1EENDITc+JsV3k43pi/H6NU=
cloudeng.io/debug v0.0.0-20231026032435-4ad1389db593 h1:WEFkomseqbtoV3sDgMh25BeMUjajGB3nFRUbV1X/auo=
cloudeng.io/debug v0.0.0-20231026032435-4ad1389db593/go.mod h1:L94l9rix3PTZaCmlR4UiHtcU0ZVlFu5/BWbwgWSqqqk=
cloudeng.io/errors v0.0.10 h1:M/UgEEjD1v9MiGAw4QFkSREPdmScPt1YVuKESbRy8zU=
cloudeng.io/errors v0.0.10/go.mod h1:GO+C05d4kZnEqUC5Po9vajcyG8ibIzYCcOuomXHEznQ=
cloudeng.io/file v0.0.0-20250428004842-3ae3ab52e2d8 h1:UHsXfnV2Ur8fzSwZR4ApMtWjRRRiaWjBZ/9bXkaporo=
cloudeng.io/file v0.0.0-20250428004842-3ae3ab52e2d8/go.mod h1:oim2jVljgZXzwJJSywUcdyROOSEvhLjIQvKDv+79tVI=
cloudeng.io/logging v0.0.0-20250428004842-3ae3ab52e2d8 h1:AGE7XD69GvWcqULKMQQ4hbvtcSdTjBtPzVoMvcNy+h8=
cloudeng.io/logging v0.0.0-20250428004842-3ae3ab52e2d8/go.mod h1:D0TUs3Aiwa1c7xI/TE7JITYnICck34r6DR5twakJjIs=
cloudeng.io/net v0.0.0-20250428004842-3ae3ab52e2d8 h1:qUYa0uH18pTpkwq9C2qQxRM9Ku8N3TJpOcAh7k0O8Ok=
cloudeng.io/net v0.0.0-20250428004842-3ae3ab52e2d8/go.mod h1:8JxYpvi1PSylKzyGVIuzKn17CLLUCjtfOPIGU6oCs/s=
cloudeng.io/sync v0.0.8 h1:N8o5Qo5sjxwDktWIW/7rfK14O74jGS3pprefjF3EFKA=
cloudeng.io/sync v0.0.8/go.mod h1:76qdZzMQSN+iPeQxY9MSbnSELKQmcd9E6pnfRgWgN8s=
cloudeng.io/sys v0.0.0-20250119024745-8a46e9bdda10 h1:A+45DKSFriLzKE418FjYqD9Ft1+9Am1gzY67Hzr4cPs=
cloudeng.io/sys v0.0.0-20250119024745-8a46e9bdda10/go.mod h1:DTZ/0U2Qj6+6HoD2x22VI5E1KdEY/eS5cZLaQ78P9j8=
cloudeng.io/webapi/operations v0.0.0-20250419215804-ce6a0b356c82 h1:zk4WArNQ7+jVeX9N1NFfZadG0GPI4DClsMnCwtwgT/8=
cloudeng.io/webapi/operations v0.0.0-20250419215804-ce6a0b356c82/go.mod h1:3Zg8xbk9mCJVsHNo3dJWivuG7cZYdPxqHrLUp2pdltA=
cloudeng.io/webapi/webapitestutil v0.0.0-20250419215804-ce6a0b356c82 h1:61l6m9E06bIcyAWij2KCTIXJjzeC3aP2AByQYmQN8ew=
cloudeng.io/webapi/webapitestutil v0.0.0-20250419215804-ce6a0b356c82/go.mod h1:QVwnZ8VIYSg0By9n1d96mwBeNykrqaNEOrQ/17b3yRo=
golang.org/x/sys v0.32.0 h1:s77OFDvIQeibCmezSnk/q6iAfkdiQaJi4VzroCFrN20=
golang.org/x/sys v0.32.0/go.mod h1:BJP2sWEmIv4KK5OTEluFJCKSidICx8ciO85XgH3Ak8k=
