cloudeng.io/cmdutil v0.0.0-20241215221655-bd556f44d3de h1:eeX58vISvs+inlHMruC63jow8L6pJRSDANgAZIuALMw=
cloudeng.io/cmdutil v0.0.0-20241215221655-bd556f44d3de/go.mod h1:VmWWlXqETCbKuEhI4YcP/r5ki7LGCXZqEI+1lIoHY2k=
cloudeng.io/debug v0.0.0-20231026032435-4ad1389db593 h1:WEFkomseqbtoV3sDgMh25BeMUjajGB3nFRUbV1X/auo=
cloudeng.io/debug v0.0.0-20231026032435-4ad1389db593/go.mod h1:L94l9rix3PTZaCmlR4UiHtcU0ZVlFu5/BWbwgWSqqqk=
cloudeng.io/errors v0.0.8/go.mod h1:xWamLL6tn3roKI6MRRFkw1jUkJL9s7CJzFYfaxuhHZk=
cloudeng.io/errors v0.0.10 h1:M/UgEEjD1v9MiGAw4QFkSREPdmScPt1YVuKESbRy8zU=
cloudeng.io/errors v0.0.10/go.mod h1:GO+C05d4kZnEqUC5Po9vajcyG8ibIzYCcOuomXHEznQ=
cloudeng.io/file v0.0.0-20250109190841-16f2cfe4fde2 h1:jceBrj0huy84tsTZbdKwK4qf6S42DydK3yEBJneiKi8=
cloudeng.io/file v0.0.0-20250109190841-16f2cfe4fde2/go.mod h1:cpn65256dvwrs7+iULJk+DSTiCtzVdb9ojENSHNQUkE=
cloudeng.io/net v0.0.0-20250109190841-16f2cfe4fde2 h1:bJGbZHuN7xaDoo7TYO8HTtOHUOqlo8LlMKWTb7r26do=
cloudeng.io/net v0.0.0-20250109190841-16f2cfe4fde2/go.mod h1:ZYl4s5CXup8GPn+0R5P+T0eNDBXFGsTlLVjgokPZZuU=
cloudeng.io/os v0.0.0-20250109190841-16f2cfe4fde2 h1:dMV0q+ON4reoYpyqUwEHFeskTx3Ba82lRNmnvxzPehY=
cloudeng.io/os v0.0.0-20250109190841-16f2cfe4fde2/go.mod h1:tnc2lAD/ct2ElpoP6kZWZZt1WSFg/3x/lkrXCxj9ASE=
cloudeng.io/path v0.0.9 h1:4kqfJ2OJwScl4E+iTo41ofV+pc4y8ZevAfUVkGSNALI=
cloudeng.io/path v0.0.9/go.mod h1:ZNgON0dxZp8dA2igYqywNcB3cEc5cvJniYaYVPWy3l8=
cloudeng.io/sync v0.0.8 h1:N8o5Qo5sjxwDktWIW/7rfK14O74jGS3pprefjF3EFKA=
cloudeng.io/sync v0.0.8/go.mod h1:76qdZzMQSN+iPeQxY9MSbnSELKQmcd9E6pnfRgWgN8s=
cloudeng.io/sys v0.0.0-20241215221655-bd556f44d3de h1:2dR/6jXgP9389VRmITTf5Tq/Y6ZR4eOslv7eCp1QjBA=
cloudeng.io/sys v0.0.0-20241215221655-bd556f44d3de/go.mod h1:+M7NyebWG0PtPqAn6kdlQMbZqnJ8JR5lrYb/WrMJBJw=
cloudeng.io/text v0.0.11 h1:q3+p3gxwNdr/V+k4+77fj9QxVpUU8G7B4+v26m+sE8I=
cloudeng.io/text v0.0.11/go.mod h1:99L3CQ55YhUy2+lHlFPowYyCoXO86fmkvNtcMT2X3GU=
cloudeng.io/webapi/operations v0.0.0-20240326200628-ccb06fbdd668 h1:ETYk2nrF0bqKv+Lx5fJNEljev+jf/G4X4PGhwsmf2EM=
cloudeng.io/webapi/operations v0.0.0-20240326200628-ccb06fbdd668/go.mod h1:MKGJvUTbVsIRgMy/DhFPVAue/zFLTp6UCdoiCNK41iI=
cloudeng.io/webapi/webapitestutil v0.0.0-20230204003545-f310593967e5 h1:jzjeFPX1nflSztwDt2Xv+IiqjBGkkSB6vvwb5j7fjLQ=
cloudeng.io/webapi/webapitestutil v0.0.0-20230204003545-f310593967e5/go.mod h1:0tQ0jYj6jH3d4Jj0c2oOaB5TLbNwLu6kxQdS+2GbdbY=
github.com/asaskevich/govalidator v0.0.0-20230301143203-a9d515a09cc2 h1:DklsrG3dyBCFEj5IhUbnKptjxatkF07cF2ak3yi77so=
github.com/asaskevich/govalidator v0.0.0-20230301143203-a9d515a09cc2/go.mod h1:WaHUgvxTVq04UNunO+XhnAqY/wQc+bxr74GqbsZ/Jqw=
github.com/davecgh/go-spew v1.1.1 h1:vj9j/u1bqnvCEfJOwUhtlOARqs3+rkHYY13jYWTU97c=
github.com/davecgh/go-spew v1.1.1/go.mod h1:J7Y8YcW2NihsgmVo/mv3lAwl/skON4iLHjSsI+c5H38=
github.com/go-openapi/errors v0.22.0 h1:c4xY/OLxUBSTiepAg3j/MHuAv5mJhnf53LLMWFB+u/w=
github.com/go-openapi/errors v0.22.0/go.mod h1:J3DmZScxCDufmIMsdOuDHxJbdOGC0xtUynjIx092vXE=
github.com/go-openapi/strfmt v0.23.0 h1:nlUS6BCqcnAk0pyhi9Y+kdDVZdZMHfEKQiS4HaMgO/c=
github.com/go-openapi/strfmt v0.23.0/go.mod h1:NrtIpfKtWIygRkKVsxh7XQMDQW5HKQl6S5ik2elW+K4=
github.com/go-openapi/swag v0.23.0 h1:vsEVJDUo2hPJ2tu0/Xc+4noaxyEffXNIs3cOULZ+GrE=
github.com/go-openapi/swag v0.23.0/go.mod h1:esZ8ITTYEsH1V2trKHjAN8Ai7xHb8RV+YSZ577vPjgQ=
github.com/google/go-cmp v0.6.0 h1:ofyhxvXcZhMsU5ulbFiLKl/XBFqE1GSq7atu8tAmTRI=
github.com/google/go-cmp v0.6.0/go.mod h1:17dUlkBOakJ0+DkrSSNjCkIjxS6bF9zb3elmeNGIjoY=
github.com/google/uuid v1.6.0 h1:NIvaJDMOsjHA8n1jAhLSgzrAzy1Hgr+hNrb57e+94F0=
github.com/google/uuid v1.6.0/go.mod h1:TIyPZe4MgqvfeYDBFedMoGGpEw/LqOeaOT+nhxU+yHo=
github.com/josharian/intern v1.0.0 h1:vlS4z54oSdjm0bgjRigI+G1HpF+tI+9rE5LLzOg8HmY=
github.com/josharian/intern v1.0.0/go.mod h1:5DoeVV0s6jJacbCEi61lwdGj/aVlrQvzHFFd8Hwg//Y=
github.com/kr/pretty v0.3.1 h1:flRD4NNwYAUpkphVc1HcthR4KEIFJ65n8Mw5qdRn3LE=
github.com/kr/pretty v0.3.1/go.mod h1:hoEshYVHaxMs3cyo3Yncou5ZscifuDolrwPKZanG3xk=
github.com/kr/text v0.2.0 h1:5Nx0Ya0ZqY2ygV366QzturHI13Jq95ApcVaJBhpS+AY=
github.com/kr/text v0.2.0/go.mod h1:eLer722TekiGuMkidMxC/pM04lWEeraHUUmBw8l2grE=
github.com/mailru/easyjson v0.9.0 h1:PrnmzHw7262yW8sTBwxi1PdJA3Iw/EKBa8psRf7d9a4=
github.com/mailru/easyjson v0.9.0/go.mod h1:1+xMtQp2MRNVL/V1bOzuP3aP8VNwRW55fQUto+XFtTU=
github.com/mitchellh/mapstructure v1.5.0 h1:jeMsZIYE/09sWLaz43PL7Gy6RuMjD2eJVyuac5Z2hdY=
github.com/mitchellh/mapstructure v1.5.0/go.mod h1:bFUtVrKA4DC2yAKiSyO/QUcy7e+RRV2QTWOzhPopBRo=
github.com/oklog/ulid v1.3.1 h1:EGfNDEx6MqHz8B3uNV6QAib1UR2Lm97sHi3ocA6ESJ4=
github.com/oklog/ulid v1.3.1/go.mod h1:CirwcVhetQ6Lv90oh/F+FBtV6XMibvdAFo93nm5qn4U=
github.com/pmezard/go-difflib v1.0.0 h1:4DBwDE0NGyQoBHbLQYPwSUPoCMWR5BEzIk/f1lZbAQM=
github.com/pmezard/go-difflib v1.0.0/go.mod h1:iKH77koFhYxTK1pcRnkKkqfTogsbg7gZNVY4sRDYZ/4=
github.com/rogpeppe/go-internal v1.12.0 h1:exVL4IDcn6na9z1rAb56Vxr+CgyK3nn3O+epU5NdKM8=
github.com/rogpeppe/go-internal v1.12.0/go.mod h1:E+RYuTGaKKdloAfM02xzb0FW3Paa99yedzYV+kq4uf4=
github.com/stretchr/testify v1.9.0 h1:HtqpIVDClZ4nwg75+f6Lvsy/wHu+3BoSGCbBAcpTsTg=
github.com/stretchr/testify v1.9.0/go.mod h1:r2ic/lqez/lEtzL7wO/rwa5dbSLXVDPFyf8C91i36aY=
go.mongodb.org/mongo-driver v1.17.2 h1:gvZyk8352qSfzyZ2UMWcpDpMSGEr1eqE4T793SqyhzM=
go.mongodb.org/mongo-driver v1.17.2/go.mod h1:Hy04i7O2kC4RS06ZrhPRqj/u4DTYkFDAAccj+rVKqgQ=
golang.org/x/net v0.34.0 h1:Mb7Mrk043xzHgnRM88suvJFwzVrRfHEHJEl5/71CKw0=
golang.org/x/net v0.34.0/go.mod h1:di0qlW3YNM5oh6GqDGQr92MyTozJPmybPK4Ev/Gm31k=
golang.org/x/sys v0.29.0 h1:TPYlXGxvx1MGTn2GiZDhnjPA9wZzZeGKHHmKhHYvgaU=
golang.org/x/sys v0.29.0/go.mod h1:/VUhepiaJMQUp4+oa/7Zr1D23ma6VTLIYjOOTFZPUcA=
gopkg.in/check.v1 v0.0.0-20161208181325-20d25e280405/go.mod h1:Co6ibVJAznAaIkqp8huTwlJQCZ016jof/cbN4VW5Yz0=
gopkg.in/check.v1 v1.0.0-20201130134442-10cb98267c6c h1:Hei/4ADfdWqJk1ZMxUNpqntNwaWcugrBjAiHlqqRiVk=
gopkg.in/check.v1 v1.0.0-20201130134442-10cb98267c6c/go.mod h1:JHkPIbrfpd72SG/EVd6muEfDQjcINNoR0C8j2r3qZ4Q=
gopkg.in/yaml.v2 v2.4.0 h1:D8xgwECY7CYvx+Y2n4sBz93Jn9JRvxdiyyo8CTfuKaY=
gopkg.in/yaml.v2 v2.4.0/go.mod h1:RDklbk79AGWmwhnvt/jBztapEOGDOx6ZbXqjP6csGnQ=
gopkg.in/yaml.v3 v3.0.1 h1:fxVm/GzAzEWqLHuvctI91KS9hhNmmWOoWu0XTYJS7CA=
gopkg.in/yaml.v3 v3.0.1/go.mod h1:K4uyk7z7BCEPqu6E+C64Yfv1cQ7kz7rIZviUmN+EgEM=
