cloudeng.io/algo v0.0.0-20251120181725-ae601f12dbbf h1:Aocx5ldmtin/ap57B64o+RvOZo3jOOIVgr8dAsx0pf0=
cloudeng.io/algo v0.0.0-20251120181725-ae601f12dbbf/go.mod h1:UZ8vyc4kEQUKOdaj5K0KfFZjUbSguHKBTEkhzA17zmw=
cloudeng.io/cmdutil v0.0.0-20251128212508-a29ef095b894 h1:+sBd8oaQrToFxXvLxzTlczBbcwWkc8shNWm3Om+DcU4=
cloudeng.io/cmdutil v0.0.0-20251128212508-a29ef095b894/go.mod h1:FOMZ13e4NUrAGTiqb7EY4nRZWfwbZUz3TL86Z5kJftA=
cloudeng.io/debug v0.0.0-20251104013446-a84136171725 h1:3K5MotvheISePKOpF6e4Mn7DCFNhiXi3mzTTLSn+nmA=
cloudeng.io/debug v0.0.0-20251104013446-a84136171725/go.mod h1:XmMPhxxJQ3OEPfcwsIUNqj9cjlTiwwSDK3hCCAQYeLw=
cloudeng.io/errors v0.0.13-0.20251104013446-a84136171725 h1:mhCFtK326UvQpY4UvjhOJODVu1CqDpZMB3mrjkQ3Rz0=
cloudeng.io/errors v0.0.13-0.20251104013446-a84136171725/go.mod h1:+IAMDlCNxHDxlWE9vjkPxED0d7Wzt7Nl3REebuCO4m8=
cloudeng.io/file v0.0.0-20251128212508-a29ef095b894 h1:g/oiOyBJ4kpmiFWRorEwOWVdPgY/yOYbWvn7tGjK8RU=
cloudeng.io/file v0.0.0-20251128212508-a29ef095b894/go.mod h1:dgJl/nOmxeGrrC3mZRfPHFtKyDjN5cbZ2OUQBCyCHt4=
cloudeng.io/logging v0.0.0-20250602170608-242ecde40803 h1:DVylC81O9q7lOSJkkVUw0mf/18ZYKFqhrfM1eiQ6lag=
cloudeng.io/logging v0.0.0-20250602170608-242ecde40803/go.mod h1:D0TUs3Aiwa1c7xI/TE7JITYnICck34r6DR5twakJjIs=
cloudeng.io/net v0.0.0-20251120181725-ae601f12dbbf h1:PRu2ULQ2Gdnarww+CSUKBpuHzBnknBRq1rhYbYdSsHY=
cloudeng.io/net v0.0.0-20251120181725-ae601f12dbbf/go.mod h1:axC62OVIKFR0L0uamfK8txQDIJbQNqSHOwxxfLYFRRs=
cloudeng.io/os v0.0.0-20251104001519-e5e3fc20cf3e h1:Rt6cGu01bBvGneM9BbuSdRMa4Q3YrcmUi8ZhEY1QWds=
cloudeng.io/os v0.0.0-20251104001519-e5e3fc20cf3e/go.mod h1:xQsByebMtXLdGvJhzjQ8T6XMvxxaq/gd3Looa8I+gu8=
cloudeng.io/path v0.0.10-0.20251104001519-e5e3fc20cf3e h1:QQAQNAW1mWdPz4bsDOgmGXGCLMkQEONgTvaQG1j8ltg=
cloudeng.io/path v0.0.10-0.20251104001519-e5e3fc20cf3e/go.mod h1:ccynIQ1MFpXwq64qIinaLjOxqqsTQc5cNjccXKDl+aM=
cloudeng.io/sync v0.0.9-0.20251104013446-a84136171725 h1:VOMaCAr/QDNPu2ZcbuV9JwWzGJmnXzJjrW9PwuV/H2g=
cloudeng.io/sync v0.0.9-0.20251104013446-a84136171725/go.mod h1:bPp7qbb4lSaOsQEAsGX7NCvyKAgekc4/Vxd2yYeyVM0=
cloudeng.io/sys v0.0.0-20251120181725-ae601f12dbbf h1:jm6F86dtveU077vcsoOAc36e/tFPVApeWVK91WXJfqA=
cloudeng.io/sys v0.0.0-20251120181725-ae601f12dbbf/go.mod h1:s036XnilFQX0iapupqPzSXynr+y6kF5662w2gnM496Y=
cloudeng.io/text v0.0.13 h1:ivKGX9ssgYKrXQt+csSOA/HTmsdbxrVUnkCQyikI7ok=
cloudeng.io/text v0.0.13/go.mod h1:6rDG6qEzGxe8ePNBz7VwSf0ps9p9ihDB/uXSFR0CJvk=
cloudeng.io/webapi/operations v0.0.0-20250428214600-1bf039e55dba h1:P6x5rN7jJNs4VcdF7aUcV/r7iAzSbbJ0ScevqsBIBEI=
cloudeng.io/webapi/operations v0.0.0-20250428214600-1bf039e55dba/go.mod h1:Ik16TEM3e4ay1TJIc0Urx976q+myGjtUFWvDlFwPxkw=
cloudeng.io/webapi/webapitestutil v0.0.0-20230204003545-f310593967e5 h1:jzjeFPX1nflSztwDt2Xv+IiqjBGkkSB6vvwb5j7fjLQ=
cloudeng.io/webapi/webapitestutil v0.0.0-20230204003545-f310593967e5/go.mod h1:0tQ0jYj6jH3d4Jj0c2oOaB5TLbNwLu6kxQdS+2GbdbY=
cloudeng.io/windows v0.0.0-20251104001519-e5e3fc20cf3e h1:Wy38fKa0y/ZEuOzZLDTBuiNcOH5GQDAbxCkhWlaL7vQ=
cloudeng.io/windows v0.0.0-20251104001519-e5e3fc20cf3e/go.mod h1:tUOArMXLISe8OY+lHimWwdHMev5N7MwQGczQgTYZb3Y=
github.com/asaskevich/govalidator v0.0.0-20230301143203-a9d515a09cc2 h1:DklsrG3dyBCFEj5IhUbnKptjxatkF07cF2ak3yi77so=
github.com/asaskevich/govalidator v0.0.0-20230301143203-a9d515a09cc2/go.mod h1:WaHUgvxTVq04UNunO+XhnAqY/wQc+bxr74GqbsZ/Jqw=
github.com/davecgh/go-spew v1.1.1 h1:vj9j/u1bqnvCEfJOwUhtlOARqs3+rkHYY13jYWTU97c=
github.com/davecgh/go-spew v1.1.1/go.mod h1:J7Y8YcW2NihsgmVo/mv3lAwl/skON4iLHjSsI+c5H38=
github.com/go-openapi/errors v0.22.1 h1:kslMRRnK7NCb/CvR1q1VWuEQCEIsBGn5GgKD9e+HYhU=
github.com/go-openapi/errors v0.22.1/go.mod h1:+n/5UdIqdVnLIJ6Q9Se8HNGUXYaY6CN8ImWzfi/Gzp0=
github.com/go-openapi/strfmt v0.23.0 h1:nlUS6BCqcnAk0pyhi9Y+kdDVZdZMHfEKQiS4HaMgO/c=
github.com/go-openapi/strfmt v0.23.0/go.mod h1:NrtIpfKtWIygRkKVsxh7XQMDQW5HKQl6S5ik2elW+K4=
github.com/go-openapi/swag v0.23.1 h1:lpsStH0n2ittzTnbaSloVZLuB5+fvSY/+hnagBjSNZU=
github.com/go-openapi/swag v0.23.1/go.mod h1:STZs8TbRvEQQKUA+JZNAm3EWlgaOBGpyFDqQnDHMef0=
github.com/google/go-cmp v0.6.0 h1:ofyhxvXcZhMsU5ulbFiLKl/XBFqE1GSq7atu8tAmTRI=
github.com/google/go-cmp v0.6.0/go.mod h1:17dUlkBOakJ0+DkrSSNjCkIjxS6bF9zb3elmeNGIjoY=
github.com/google/uuid v1.6.0 h1:NIvaJDMOsjHA8n1jAhLSgzrAzy1Hgr+hNrb57e+94F0=
github.com/google/uuid v1.6.0/go.mod h1:TIyPZe4MgqvfeYDBFedMoGGpEw/LqOeaOT+nhxU+yHo=
github.com/josharian/intern v1.0.0 h1:vlS4z54oSdjm0bgjRigI+G1HpF+tI+9rE5LLzOg8HmY=
github.com/josharian/intern v1.0.0/go.mod h1:5DoeVV0s6jJacbCEi61lwdGj/aVlrQvzHFFd8Hwg//Y=
github.com/kr/pretty v0.3.1 h1:flRD4NNwYAUpkphVc1HcthR4KEIFJ65n8Mw5qdRn3LE=
github.com/kr/pretty v0.3.1/go.mod h1:hoEshYVHaxMs3cyo3Yncou5ZscifuDolrwPKZanG3xk=
github.com/kr/text v0.2.0 h1:5Nx0Ya0ZqY2ygV366QzturHI13Jq95ApcVaJBhpS+AY=
github.com/kr/text v0.2.0/go.mod h1:eLer722TekiGuMkidMxC/pM04lWEeraHUUmBw8l2grE=
github.com/mailru/easyjson v0.9.0 h1:PrnmzHw7262yW8sTBwxi1PdJA3Iw/EKBa8psRf7d9a4=
github.com/mailru/easyjson v0.9.0/go.mod h1:1+xMtQp2MRNVL/V1bOzuP3aP8VNwRW55fQUto+XFtTU=
github.com/mitchellh/mapstructure v1.5.0 h1:jeMsZIYE/09sWLaz43PL7Gy6RuMjD2eJVyuac5Z2hdY=
github.com/mitchellh/mapstructure v1.5.0/go.mod h1:bFUtVrKA4DC2yAKiSyO/QUcy7e+RRV2QTWOzhPopBRo=
github.com/oklog/ulid v1.3.1 h1:EGfNDEx6MqHz8B3uNV6QAib1UR2Lm97sHi3ocA6ESJ4=
github.com/oklog/ulid v1.3.1/go.mod h1:CirwcVhetQ6Lv90oh/F+FBtV6XMibvdAFo93nm5qn4U=
github.com/pmezard/go-difflib v1.0.0 h1:4DBwDE0NGyQoBHbLQYPwSUPoCMWR5BEzIk/f1lZbAQM=
github.com/pmezard/go-difflib v1.0.0/go.mod h1:iKH77koFhYxTK1pcRnkKkqfTogsbg7gZNVY4sRDYZ/4=
github.com/rogpeppe/go-internal v1.12.0 h1:exVL4IDcn6na9z1rAb56Vxr+CgyK3nn3O+epU5NdKM8=
github.com/rogpeppe/go-internal v1.12.0/go.mod h1:E+RYuTGaKKdloAfM02xzb0FW3Paa99yedzYV+kq4uf4=
github.com/stretchr/testify v1.10.0 h1:Xv5erBjTwe/5IxqUQTdXv5kgmIvbHo3QQyRwhJsOfJA=
github.com/stretchr/testify v1.10.0/go.mod h1:r2ic/lqez/lEtzL7wO/rwa5dbSLXVDPFyf8C91i36aY=
go.mongodb.org/mongo-driver v1.17.3 h1:TQyXhnsWfWtgAhMtOgtYHMTkZIfBTpMTsMnd9ZBeHxQ=
go.mongodb.org/mongo-driver v1.17.3/go.mod h1:Hy04i7O2kC4RS06ZrhPRqj/u4DTYkFDAAccj+rVKqgQ=
golang.org/x/net v0.46.0 h1:giFlY12I07fugqwPuWJi68oOnpfqFnJIJzaIIm2JVV4=
golang.org/x/net v0.46.0/go.mod h1:Q9BGdFy1y4nkUwiLvT5qtyhAnEHgnQ/zd8PfU6nc210=
golang.org/x/sys v0.38.0 h1:3yZWxaJjBmCWXqhN1qh02AkOnCQ1poK6oF+a7xWL6Gc=
golang.org/x/sys v0.38.0/go.mod h1:OgkHotnGiDImocRcuBABYBEXf8A9a87e/uXjp9XT3ks=
gopkg.in/check.v1 v0.0.0-20161208181325-20d25e280405/go.mod h1:Co6ibVJAznAaIkqp8huTwlJQCZ016jof/cbN4VW5Yz0=
gopkg.in/check.v1 v1.0.0-20201130134442-10cb98267c6c h1:Hei/4ADfdWqJk1ZMxUNpqntNwaWcugrBjAiHlqqRiVk=
gopkg.in/check.v1 v1.0.0-20201130134442-10cb98267c6c/go.mod h1:JHkPIbrfpd72SG/EVd6muEfDQjcINNoR0C8j2r3qZ4Q=
gopkg.in/yaml.v2 v2.4.0 h1:D8xgwECY7CYvx+Y2n4sBz93Jn9JRvxdiyyo8CTfuKaY=
gopkg.in/yaml.v2 v2.4.0/go.mod h1:RDklbk79AGWmwhnvt/jBztapEOGDOx6ZbXqjP6csGnQ=
gopkg.in/yaml.v3 v3.0.1 h1:fxVm/GzAzEWqLHuvctI91KS9hhNmmWOoWu0XTYJS7CA=
gopkg.in/yaml.v3 v3.0.1/go.mod h1:K4uyk7z7BCEPqu6E+C64Yfv1cQ7kz7rIZviUmN+EgEM=
