cloudeng.io/algo v0.0.0-20260225012014-415f78789833 h1:jyr2vB0SQ874Icv04Jt/TusTJLyNz+Ymwt03K66H4e0=
cloudeng.io/algo v0.0.0-20260225012014-415f78789833/go.mod h1:pjXLOZUvlHDj9nF7WsB2ECQVxmwneZ/VVOAkMAnaxaE=
cloudeng.io/cmdutil v0.0.0-20260225012014-415f78789833 h1:lCzmDcMdgekjTNOdBX8SbyKFbiaqNvoS1ZbDtIeX5sM=
cloudeng.io/cmdutil v0.0.0-20260225012014-415f78789833/go.mod h1:OtrVUth86XdYLT+PgOJjQwNOzLRoI5Nfcd9C+BpByPM=
cloudeng.io/debug v0.0.0-20260114020737-744f6c0f8e64 h1:HasXXdNduLmbkgEI/TCikpckH+g3J8EaNVtgP/7TXzs=
cloudeng.io/debug v0.0.0-20260114020737-744f6c0f8e64/go.mod h1:cTUMrGijaJtp0x2bN9LXiCB/2gl6zsL37XxKfhOLaes=
cloudeng.io/errors v0.0.14-0.20260118175335-f191a42253cc h1:72rMkKasoDX95CNFZq9FcsfJLZQPpe87HrzJjSWwajI=
cloudeng.io/errors v0.0.14-0.20260118175335-f191a42253cc/go.mod h1:6TivTMjXopNNZ0eNsac9MfYij1WC6R0gJcsSIxcunIA=
cloudeng.io/file v0.0.0-20260225012014-415f78789833 h1:dgnEK+KQL//hxa8cuD+0W92/EKs4/4495+za7C/H23M=
cloudeng.io/file v0.0.0-20260225012014-415f78789833/go.mod h1:wlYfPObevXPbupRiduuZWKWv9uMs3jJ+C+xryeo/pAA=
cloudeng.io/logging v0.0.0-20260225012014-415f78789833 h1:IMYH6aU7u//MxY0RK6RvMAHtVWQUBZcWSVHtrYHJijk=
cloudeng.io/logging v0.0.0-20260225012014-415f78789833/go.mod h1:1srNtLRpQsIoLck/p/JmvR/QfwfPbDO/65orqtdh1N0=
cloudeng.io/net v0.0.0-20260225012014-415f78789833 h1:r9D/xGA0862envv1GbrhHlE5jbI+9k33QASZ3C+YDOY=
cloudeng.io/net v0.0.0-20260225012014-415f78789833/go.mod h1:rUHFec2R6zg5gz/YkrcC6UM4vzf63TCfH9Sw61Y7utI=
cloudeng.io/os v0.0.0-20260225012014-415f78789833 h1:VLPR9kNZWW20p/lJQ4rie3aUwd2eUC73J+/Oj+YmRvE=
cloudeng.io/os v0.0.0-20260225012014-415f78789833/go.mod h1:HpH11hUM8QgbcIEhtEB3iDjZyCM00y+tupY5+9LwzwM=
cloudeng.io/path v0.0.10-0.20260114020737-744f6c0f8e64 h1:ctewGVeWXNFmLisx/GjIQc5KcjriTIEYOYKMaLHYGwI=
cloudeng.io/path v0.0.10-0.20260114020737-744f6c0f8e64/go.mod h1:tSaFuqeU5wtt1bU89fI+9JYW3CmhmzFjRUEQjzhUlI0=
cloudeng.io/sync v0.0.9-0.20260114020737-744f6c0f8e64 h1:Mg+W3M/f1eSFtzBbF1l7y7gASv/hFzpvtPubsx1sjUQ=
cloudeng.io/sync v0.0.9-0.20260114020737-744f6c0f8e64/go.mod h1:0lA6WiBA1Uq3Uvzo0Yyr1xcWIgreeTyX2FxaBIzzvs8=
cloudeng.io/sys v0.0.0-20260129005915-7139df7f9f73 h1:JQmuW5cEsC86mqeKpceF3hIdSi+zMtZoCIFUebnkcOk=
cloudeng.io/sys v0.0.0-20260129005915-7139df7f9f73/go.mod h1:LDe7ke+SdFTGgq4tSfReeptDPv0+jdSWkVtoEm6DQtg=
cloudeng.io/text v0.0.15 h1:1ijxRX4LVNQNOLgayMH7YoUssH8RY0TgKxIG++JiOVE=
cloudeng.io/text v0.0.15/go.mod h1:bZd+iMNGHuFhRwk30Ife7WW56IZAMnAqApeEt4KEc0c=
cloudeng.io/webapi/operations v0.0.0-20260119173353-5272aa1ee232 h1:AmCgXprO+VRcAvj0a+NT2ZgzLYZfN7cyCoxg92kSv7Q=
cloudeng.io/webapi/operations v0.0.0-20260119173353-5272aa1ee232/go.mod h1:m16vJ9Dg6aufAeo8vk23i5H4+vcmKZKrZ+cD1tHU8X0=
cloudeng.io/webapi/webapitestutil v0.0.0-20260108223722-702b7fae5336 h1:EkHAqC5xT0yHG7wD3vN+pMGdTjjLvSN2CPqrAJGgVds=
cloudeng.io/webapi/webapitestutil v0.0.0-20260108223722-702b7fae5336/go.mod h1:/v4SzjtAFY/+FcVh5IyVbulzZTfHbhuqN7qtcWZmHU0=
cloudeng.io/windows v0.0.0-20251203211350-c30caae1cc5e h1:88FLgbskFkcsZSgh3jncYqYBg1J2eLHGzmdp74APrCQ=
cloudeng.io/windows v0.0.0-20251203211350-c30caae1cc5e/go.mod h1:tUOArMXLISe8OY+lHimWwdHMev5N7MwQGczQgTYZb3Y=
github.com/creack/pty v1.1.9/go.mod h1:oKZEueFk5CKHvIhNR5MUki03XCEU+Q6VDXinZuGJ33E=
github.com/davecgh/go-spew v1.1.2-0.20180830191138-d8f796af33cc h1:U9qPSI2PIWSS1VwoXQT9A3Wy9MM3WgvqSxFWenqJduM=
github.com/davecgh/go-spew v1.1.2-0.20180830191138-d8f796af33cc/go.mod h1:J7Y8YcW2NihsgmVo/mv3lAwl/skON4iLHjSsI+c5H38=
github.com/go-openapi/errors v0.22.6 h1:eDxcf89O8odEnohIXwEjY1IB4ph5vmbUsBMsFNwXWPo=
github.com/go-openapi/errors v0.22.6/go.mod h1:z9S8ASTUqx7+CP1Q8dD8ewGH/1JWFFLX/2PmAYNQLgk=
github.com/go-openapi/strfmt v0.25.0 h1:7R0RX7mbKLa9EYCTHRcCuIPcaqlyQiWNPTXwClK0saQ=
github.com/go-openapi/strfmt v0.25.0/go.mod h1:nNXct7OzbwrMY9+5tLX4I21pzcmE6ccMGXl3jFdPfn8=
github.com/go-openapi/swag v0.25.4 h1:OyUPUFYDPDBMkqyxOTkqDYFnrhuhi9NR6QVUvIochMU=
github.com/go-openapi/swag v0.25.4/go.mod h1:zNfJ9WZABGHCFg2RnY0S4IOkAcVTzJ6z2Bi+Q4i6qFQ=
github.com/go-openapi/swag/cmdutils v0.25.4 h1:8rYhB5n6WawR192/BfUu2iVlxqVR9aRgGJP6WaBoW+4=
github.com/go-openapi/swag/cmdutils v0.25.4/go.mod h1:pdae/AFo6WxLl5L0rq87eRzVPm/XRHM3MoYgRMvG4A0=
github.com/go-openapi/swag/conv v0.25.4 h1:/Dd7p0LZXczgUcC/Ikm1+YqVzkEeCc9LnOWjfkpkfe4=
github.com/go-openapi/swag/conv v0.25.4/go.mod h1:3LXfie/lwoAv0NHoEuY1hjoFAYkvlqI/Bn5EQDD3PPU=
github.com/go-openapi/swag/fileutils v0.25.4 h1:2oI0XNW5y6UWZTC7vAxC8hmsK/tOkWXHJQH4lKjqw+Y=
github.com/go-openapi/swag/fileutils v0.25.4/go.mod h1:cdOT/PKbwcysVQ9Tpr0q20lQKH7MGhOEb6EwmHOirUk=
github.com/go-openapi/swag/jsonname v0.25.4 h1:bZH0+MsS03MbnwBXYhuTttMOqk+5KcQ9869Vye1bNHI=
github.com/go-openapi/swag/jsonname v0.25.4/go.mod h1:GPVEk9CWVhNvWhZgrnvRA6utbAltopbKwDu8mXNUMag=
github.com/go-openapi/swag/jsonutils v0.25.4 h1:VSchfbGhD4UTf4vCdR2F4TLBdLwHyUDTd1/q4i+jGZA=
github.com/go-openapi/swag/jsonutils v0.25.4/go.mod h1:7OYGXpvVFPn4PpaSdPHJBtF0iGnbEaTk8AvBkoWnaAY=
github.com/go-openapi/swag/jsonutils/fixtures_test v0.25.4 h1:IACsSvBhiNJwlDix7wq39SS2Fh7lUOCJRmx/4SN4sVo=
github.com/go-openapi/swag/jsonutils/fixtures_test v0.25.4/go.mod h1:Mt0Ost9l3cUzVv4OEZG+WSeoHwjWLnarzMePNDAOBiM=
github.com/go-openapi/swag/loading v0.25.4 h1:jN4MvLj0X6yhCDduRsxDDw1aHe+ZWoLjW+9ZQWIKn2s=
github.com/go-openapi/swag/loading v0.25.4/go.mod h1:rpUM1ZiyEP9+mNLIQUdMiD7dCETXvkkC30z53i+ftTE=
github.com/go-openapi/swag/mangling v0.25.4 h1:2b9kBJk9JvPgxr36V23FxJLdwBrpijI26Bx5JH4Hp48=
github.com/go-openapi/swag/mangling v0.25.4/go.mod h1:6dxwu6QyORHpIIApsdZgb6wBk/DPU15MdyYj/ikn0Hg=
github.com/go-openapi/swag/netutils v0.25.4 h1:Gqe6K71bGRb3ZQLusdI8p/y1KLgV4M/k+/HzVSqT8H0=
github.com/go-openapi/swag/netutils v0.25.4/go.mod h1:m2W8dtdaoX7oj9rEttLyTeEFFEBvnAx9qHd5nJEBzYg=
github.com/go-openapi/swag/stringutils v0.25.4 h1:O6dU1Rd8bej4HPA3/CLPciNBBDwZj9HiEpdVsb8B5A8=
github.com/go-openapi/swag/stringutils v0.25.4/go.mod h1:GTsRvhJW5xM5gkgiFe0fV3PUlFm0dr8vki6/VSRaZK0=
github.com/go-openapi/swag/typeutils v0.25.4 h1:1/fbZOUN472NTc39zpa+YGHn3jzHWhv42wAJSN91wRw=
github.com/go-openapi/swag/typeutils v0.25.4/go.mod h1:Ou7g//Wx8tTLS9vG0UmzfCsjZjKhpjxayRKTHXf2pTE=
github.com/go-openapi/swag/yamlutils v0.25.4 h1:6jdaeSItEUb7ioS9lFoCZ65Cne1/RZtPBZ9A56h92Sw=
github.com/go-openapi/swag/yamlutils v0.25.4/go.mod h1:MNzq1ulQu+yd8Kl7wPOut/YHAAU/H6hL91fF+E2RFwc=
github.com/go-openapi/testify/enable/yaml/v2 v2.0.2 h1:0+Y41Pz1NkbTHz8NngxTuAXxEodtNSI1WG1c/m5Akw4=
github.com/go-openapi/testify/enable/yaml/v2 v2.0.2/go.mod h1:kme83333GCtJQHXQ8UKX3IBZu6z8T5Dvy5+CW3NLUUg=
github.com/go-openapi/testify/v2 v2.0.2 h1:X999g3jeLcoY8qctY/c/Z8iBHTbwLz7R2WXd6Ub6wls=
github.com/go-openapi/testify/v2 v2.0.2/go.mod h1:HCPmvFFnheKK2BuwSA0TbbdxJ3I16pjwMkYkP4Ywn54=
github.com/go-viper/mapstructure/v2 v2.5.0 h1:vM5IJoUAy3d7zRSVtIwQgBj7BiWtMPfmPEgAXnvj1Ro=
github.com/go-viper/mapstructure/v2 v2.5.0/go.mod h1:oJDH3BJKyqBA2TXFhDsKDGDTlndYOZ6rGS0BRZIxGhM=
github.com/google/go-cmp v0.7.0 h1:wk8382ETsv4JYUZwIsn6YpYiWiBsYLSJiTsyBybVuN8=
github.com/google/go-cmp v0.7.0/go.mod h1:pXiqmnSA92OHEEa9HXL2W4E7lf9JzCmGVUdgjX3N/iU=
github.com/google/uuid v1.6.0 h1:NIvaJDMOsjHA8n1jAhLSgzrAzy1Hgr+hNrb57e+94F0=
github.com/google/uuid v1.6.0/go.mod h1:TIyPZe4MgqvfeYDBFedMoGGpEw/LqOeaOT+nhxU+yHo=
github.com/kr/pretty v0.3.1 h1:flRD4NNwYAUpkphVc1HcthR4KEIFJ65n8Mw5qdRn3LE=
github.com/kr/pretty v0.3.1/go.mod h1:hoEshYVHaxMs3cyo3Yncou5ZscifuDolrwPKZanG3xk=
github.com/kr/text v0.2.0 h1:5Nx0Ya0ZqY2ygV366QzturHI13Jq95ApcVaJBhpS+AY=
github.com/kr/text v0.2.0/go.mod h1:eLer722TekiGuMkidMxC/pM04lWEeraHUUmBw8l2grE=
github.com/oklog/ulid v1.3.1 h1:EGfNDEx6MqHz8B3uNV6QAib1UR2Lm97sHi3ocA6ESJ4=
github.com/oklog/ulid v1.3.1/go.mod h1:CirwcVhetQ6Lv90oh/F+FBtV6XMibvdAFo93nm5qn4U=
github.com/rogpeppe/go-internal v1.14.1 h1:UQB4HGPB6osV0SQTLymcB4TgvyWu6ZyliaW0tI/otEQ=
github.com/rogpeppe/go-internal v1.14.1/go.mod h1:MaRKkUm5W0goXpeCfT7UZI6fk/L7L7so1lCWt35ZSgc=
go.mongodb.org/mongo-driver v1.17.9 h1:IexDdCuuNJ3BHrELgBlyaH9p60JXAvdzWR128q+U5tU=
go.mongodb.org/mongo-driver v1.17.9/go.mod h1:LlOhpH5NUEfhxcAwG0UEkMqwYcc4JU18gtCdGudk/tQ=
go.yaml.in/yaml/v3 v3.0.4 h1:tfq32ie2Jv2UxXFdLJdh3jXuOzWiL1fo0bu/FbuKpbc=
go.yaml.in/yaml/v3 v3.0.4/go.mod h1:DhzuOOF2ATzADvBadXxruRBLzYTpT36CKvDb3+aBEFg=
golang.org/x/net v0.50.0 h1:ucWh9eiCGyDR3vtzso0WMQinm2Dnt8cFMuQa9K33J60=
golang.org/x/net v0.50.0/go.mod h1:UgoSli3F/pBgdJBHCTc+tp3gmrU4XswgGRgtnwWTfyM=
golang.org/x/oauth2 v0.35.0 h1:Mv2mzuHuZuY2+bkyWXIHMfhNdJAdwW3FuWeCPYN5GVQ=
golang.org/x/oauth2 v0.35.0/go.mod h1:lzm5WQJQwKZ3nwavOZ3IS5Aulzxi68dUSgRHujetwEA=
golang.org/x/sys v0.41.0 h1:Ivj+2Cp/ylzLiEU89QhWblYnOE9zerudt9Ftecq2C6k=
golang.org/x/sys v0.41.0/go.mod h1:OgkHotnGiDImocRcuBABYBEXf8A9a87e/uXjp9XT3ks=
golang.org/x/text v0.34.0 h1:oL/Qq0Kdaqxa1KbNeMKwQq0reLCCaFtqu2eNuSeNHbk=
golang.org/x/text v0.34.0/go.mod h1:homfLqTYRFyVYemLBFl5GgL/DWEiH5wcsQ5gSh1yziA=
gopkg.in/check.v1 v0.0.0-20161208181325-20d25e280405/go.mod h1:Co6ibVJAznAaIkqp8huTwlJQCZ016jof/cbN4VW5Yz0=
gopkg.in/check.v1 v1.0.0-20201130134442-10cb98267c6c h1:Hei/4ADfdWqJk1ZMxUNpqntNwaWcugrBjAiHlqqRiVk=
gopkg.in/check.v1 v1.0.0-20201130134442-10cb98267c6c/go.mod h1:JHkPIbrfpd72SG/EVd6muEfDQjcINNoR0C8j2r3qZ4Q=
gopkg.in/yaml.v3 v3.0.1 h1:fxVm/GzAzEWqLHuvctI91KS9hhNmmWOoWu0XTYJS7CA=
gopkg.in/yaml.v3 v3.0.1/go.mod h1:K4uyk7z7BCEPqu6E+C64Yfv1cQ7kz7rIZviUmN+EgEM=
