cloudeng.io/net v0.0.0-20230210203143-e63188d27316 h1:HOjloAvk+ZUjkZAgjRspJpPsoSLXwnzUFdRRqHnzJfU=
cloudeng.io/net v0.0.0-20230210203143-e63188d27316/go.mod h1:13BN0nf3e35fdeiFH0pgduqEhOgWLMvnhYtRYg4WKE8=
cloudeng.io/net v0.0.0-20230221162436-db7c7fd2cf04 h1:xMwY4kXJ4afW/NjJeS55tKJqF6HRAPiGzt0McxFdy64=
cloudeng.io/net v0.0.0-20230221162436-db7c7fd2cf04/go.mod h1:13BN0nf3e35fdeiFH0pgduqEhOgWLMvnhYtRYg4WKE8=
cloudeng.io/webapi/webapitestutil v0.0.0-20230202044501-7df722a60d08 h1:Zif25LAo9W7ENOhTzf2gr3x9rHnuRFO3gwlAewQbngM=
cloudeng.io/webapi/webapitestutil v0.0.0-20230202044501-7df722a60d08/go.mod h1:0tQ0jYj6jH3d4Jj0c2oOaB5TLbNwLu6kxQdS+2GbdbY=
cloudeng.io/webapi/webapitestutil v0.0.0-20230202193904-96adf84dba38 h1:skCq65OB7LyleQXFB2mE7E8pA7ygAU/sgMNAVLnqzC4=
cloudeng.io/webapi/webapitestutil v0.0.0-20230202193904-96adf84dba38/go.mod h1:0tQ0jYj6jH3d4Jj0c2oOaB5TLbNwLu6kxQdS+2GbdbY=
cloudeng.io/webapi/webapitestutil v0.0.0-20230204003545-f310593967e5 h1:jzjeFPX1nflSztwDt2Xv+IiqjBGkkSB6vvwb5j7fjLQ=
cloudeng.io/webapi/webapitestutil v0.0.0-20230204003545-f310593967e5/go.mod h1:0tQ0jYj6jH3d4Jj0c2oOaB5TLbNwLu6kxQdS+2GbdbY=
