cloudeng.io/cmdutil v0.0.0-20250119024745-8a46e9bdda10 h1:BRG1xmkniP+I5anb3a3GWJJMixDOqDQMIPteBar//yM=
cloudeng.io/cmdutil v0.0.0-20250119024745-8a46e9bdda10/go.mod h1:SaquTd0cZsJxXo4C/UzVIlGGgqSqxXXaWpZj8O35zg4=
cloudeng.io/cmdutil v0.0.0-20251104001519-e5e3fc20cf3e h1:+mZ6nZzKD+ZD0bQ/f+vmW2YGN0iAwb/uNJSTd1Pe9GI=
cloudeng.io/cmdutil v0.0.0-20251104001519-e5e3fc20cf3e/go.mod h1:DPmPt2BHWbkbVQ96AwvESlACDFHncHvXNqdFs0/e/68=
cloudeng.io/debug v0.0.0-20231026032435-4ad1389db593 h1:WEFkomseqbtoV3sDgMh25BeMUjajGB3nFRUbV1X/auo=
cloudeng.io/debug v0.0.0-20231026032435-4ad1389db593/go.mod h1:L94l9rix3PTZaCmlR4UiHtcU0ZVlFu5/BWbwgWSqqqk=
cloudeng.io/errors v0.0.8/go.mod h1:xWamLL6tn3roKI6MRRFkw1jUkJL9s7CJzFYfaxuhHZk=
cloudeng.io/errors v0.0.10 h1:M/UgEEjD1v9MiGAw4QFkSREPdmScPt1YVuKESbRy8zU=
cloudeng.io/errors v0.0.10/go.mod h1:GO+C05d4kZnEqUC5Po9vajcyG8ibIzYCcOuomXHEznQ=
cloudeng.io/errors v0.0.13-0.20251104013446-a84136171725 h1:mhCFtK326UvQpY4UvjhOJODVu1CqDpZMB3mrjkQ3Rz0=
cloudeng.io/errors v0.0.13-0.20251104013446-a84136171725/go.mod h1:+IAMDlCNxHDxlWE9vjkPxED0d7Wzt7Nl3REebuCO4m8=
cloudeng.io/file v0.0.0-20250602170608-242ecde40803 h1:haDAE+m3eatCmNdKo+xgnFYyt0eHfhkMiSPDBwCTbf8=
cloudeng.io/file v0.0.0-20250602170608-242ecde40803/go.mod h1:oim2jVljgZXzwJJSywUcdyROOSEvhLjIQvKDv+79tVI=
cloudeng.io/file v0.0.0-20251125212038-1e8b65a7457e h1:45uY6Z7XCN43S/aZCBrM4Vpun0MMF1fOQ6bk87XqWoo=
cloudeng.io/file v0.0.0-20251125212038-1e8b65a7457e/go.mod h1:dgJl/nOmxeGrrC3mZRfPHFtKyDjN5cbZ2OUQBCyCHt4=
cloudeng.io/logging v0.0.0-20250602170608-242ecde40803 h1:DVylC81O9q7lOSJkkVUw0mf/18ZYKFqhrfM1eiQ6lag=
cloudeng.io/logging v0.0.0-20250602170608-242ecde40803/go.mod h1:D0TUs3Aiwa1c7xI/TE7JITYnICck34r6DR5twakJjIs=
cloudeng.io/logging v0.0.0-20251125212038-1e8b65a7457e h1:UBcBEYJXFfvQ81PO8MaiEaunl2nRRejl/cPOI31Gt/o=
cloudeng.io/logging v0.0.0-20251125212038-1e8b65a7457e/go.mod h1:D0TUs3Aiwa1c7xI/TE7JITYnICck34r6DR5twakJjIs=
cloudeng.io/net v0.0.0-20250602170608-242ecde40803 h1:gKt2PubmM53M2hao/1vAElEVBVFPZxDECV8wKgEoBsQ=
cloudeng.io/net v0.0.0-20250602170608-242ecde40803/go.mod h1:8JxYpvi1PSylKzyGVIuzKn17CLLUCjtfOPIGU6oCs/s=
cloudeng.io/net v0.0.0-20251125212038-1e8b65a7457e h1:b1lpBkCAYXsfi6Aoyddao/dk4vEG099s8RZN2jpa2n4=
cloudeng.io/net v0.0.0-20251125212038-1e8b65a7457e/go.mod h1:axC62OVIKFR0L0uamfK8txQDIJbQNqSHOwxxfLYFRRs=
cloudeng.io/os v0.0.0-20250602170608-242ecde40803 h1:DrJuBp3dYqn1AViSsK7ZquxAaXZqAbzwI+o3XrknnZA=
cloudeng.io/os v0.0.0-20250602170608-242ecde40803/go.mod h1:P5SsLQqgYloG+cG0B74JYzNi6lhvtfRW02Faz9RXl3A=
cloudeng.io/os v0.0.0-20251125212038-1e8b65a7457e h1:YczR5/gtCGUhxT0rXOguDnLYWFMcNG7pgsmwCQfRON0=
cloudeng.io/os v0.0.0-20251125212038-1e8b65a7457e/go.mod h1:UuSncaIdaiCWJbgz8sOcFQF1BhMCS60S5KjKFSOwW1c=
cloudeng.io/path v0.0.9 h1:4kqfJ2OJwScl4E+iTo41ofV+pc4y8ZevAfUVkGSNALI=
cloudeng.io/path v0.0.9/go.mod h1:ZNgON0dxZp8dA2igYqywNcB3cEc5cvJniYaYVPWy3l8=
cloudeng.io/path v0.0.10-0.20251104001519-e5e3fc20cf3e h1:QQAQNAW1mWdPz4bsDOgmGXGCLMkQEONgTvaQG1j8ltg=
cloudeng.io/path v0.0.10-0.20251104001519-e5e3fc20cf3e/go.mod h1:ccynIQ1MFpXwq64qIinaLjOxqqsTQc5cNjccXKDl+aM=
cloudeng.io/sync v0.0.8 h1:N8o5Qo5sjxwDktWIW/7rfK14O74jGS3pprefjF3EFKA=
cloudeng.io/sync v0.0.8/go.mod h1:76qdZzMQSN+iPeQxY9MSbnSELKQmcd9E6pnfRgWgN8s=
cloudeng.io/sync v0.0.9-0.20251104013446-a84136171725 h1:VOMaCAr/QDNPu2ZcbuV9JwWzGJmnXzJjrW9PwuV/H2g=
cloudeng.io/sync v0.0.9-0.20251104013446-a84136171725/go.mod h1:bPp7qbb4lSaOsQEAsGX7NCvyKAgekc4/Vxd2yYeyVM0=
cloudeng.io/sys v0.0.0-20250119024745-8a46e9bdda10 h1:A+45DKSFriLzKE418FjYqD9Ft1+9Am1gzY67Hzr4cPs=
cloudeng.io/sys v0.0.0-20250119024745-8a46e9bdda10/go.mod h1:DTZ/0U2Qj6+6HoD2x22VI5E1KdEY/eS5cZLaQ78P9j8=
cloudeng.io/text v0.0.11 h1:q3+p3gxwNdr/V+k4+77fj9QxVpUU8G7B4+v26m+sE8I=
cloudeng.io/text v0.0.11/go.mod h1:99L3CQ55YhUy2+lHlFPowYyCoXO86fmkvNtcMT2X3GU=
cloudeng.io/text v0.0.13 h1:ivKGX9ssgYKrXQt+csSOA/HTmsdbxrVUnkCQyikI7ok=
cloudeng.io/text v0.0.13/go.mod h1:6rDG6qEzGxe8ePNBz7VwSf0ps9p9ihDB/uXSFR0CJvk=
cloudeng.io/webapi/webapitestutil v0.0.0-20230204003545-f310593967e5 h1:jzjeFPX1nflSztwDt2Xv+IiqjBGkkSB6vvwb5j7fjLQ=
cloudeng.io/webapi/webapitestutil v0.0.0-20230204003545-f310593967e5/go.mod h1:0tQ0jYj6jH3d4Jj0c2oOaB5TLbNwLu6kxQdS+2GbdbY=
github.com/creack/pty v1.1.9/go.mod h1:oKZEueFk5CKHvIhNR5MUki03XCEU+Q6VDXinZuGJ33E=
github.com/kr/pretty v0.2.1/go.mod h1:ipq/a2n7PKx3OHsz4KJII5eveXtPO4qwEXGdVfWzfnI=
github.com/kr/pretty v0.3.1 h1:flRD4NNwYAUpkphVc1HcthR4KEIFJ65n8Mw5qdRn3LE=
github.com/kr/pretty v0.3.1/go.mod h1:hoEshYVHaxMs3cyo3Yncou5ZscifuDolrwPKZanG3xk=
github.com/kr/pty v1.1.1/go.mod h1:pFQYn66WHrOpPYNljwOMqo10TkYh1fy3cYio2l3bCsQ=
github.com/kr/text v0.1.0/go.mod h1:4Jbv+DJW3UT/LiOwJeYQe1efqtUx/iVham/4vfdArNI=
github.com/kr/text v0.2.0 h1:5Nx0Ya0ZqY2ygV366QzturHI13Jq95ApcVaJBhpS+AY=
github.com/kr/text v0.2.0/go.mod h1:eLer722TekiGuMkidMxC/pM04lWEeraHUUmBw8l2grE=
github.com/pkg/diff v0.0.0-20210226163009-20ebb0f2a09e/go.mod h1:pJLUxLENpZxwdsKMEsNbx1VGcRFpLqf3715MtcvvzbA=
github.com/rogpeppe/go-internal v1.9.0/go.mod h1:WtVeX8xhTBvf0smdhujwtBcq4Qrzq/fJaraNFVN+nFs=
github.com/rogpeppe/go-internal v1.12.0 h1:exVL4IDcn6na9z1rAb56Vxr+CgyK3nn3O+epU5NdKM8=
github.com/rogpeppe/go-internal v1.12.0/go.mod h1:E+RYuTGaKKdloAfM02xzb0FW3Paa99yedzYV+kq4uf4=
golang.org/x/net v0.40.0 h1:79Xs7wF06Gbdcg4kdCCIQArK11Z1hr5POQ6+fIYHNuY=
golang.org/x/net v0.40.0/go.mod h1:y0hY0exeL2Pku80/zKK7tpntoX23cqL3Oa6njdgRtds=
golang.org/x/net v0.47.0 h1:Mx+4dIFzqraBXUugkia1OOvlD6LemFo1ALMHjrXDOhY=
golang.org/x/net v0.47.0/go.mod h1:/jNxtkgq5yWUGYkaZGqo27cfGZ1c5Nen03aYrrKpVRU=
golang.org/x/oauth2 v0.33.0 h1:4Q+qn+E5z8gPRJfmRy7C2gGG3T4jIprK6aSYgTXGRpo=
golang.org/x/oauth2 v0.33.0/go.mod h1:lzm5WQJQwKZ3nwavOZ3IS5Aulzxi68dUSgRHujetwEA=
golang.org/x/sys v0.33.0 h1:q3i8TbbEz+JRD9ywIRlyRAQbM0qF7hu24q3teo2hbuw=
golang.org/x/sys v0.33.0/go.mod h1:BJP2sWEmIv4KK5OTEluFJCKSidICx8ciO85XgH3Ak8k=
golang.org/x/sys v0.38.0/go.mod h1:OgkHotnGiDImocRcuBABYBEXf8A9a87e/uXjp9XT3ks=
gopkg.in/check.v1 v0.0.0-20161208181325-20d25e280405/go.mod h1:Co6ibVJAznAaIkqp8huTwlJQCZ016jof/cbN4VW5Yz0=
gopkg.in/check.v1 v1.0.0-20201130134442-10cb98267c6c h1:Hei/4ADfdWqJk1ZMxUNpqntNwaWcugrBjAiHlqqRiVk=
gopkg.in/check.v1 v1.0.0-20201130134442-10cb98267c6c/go.mod h1:JHkPIbrfpd72SG/EVd6muEfDQjcINNoR0C8j2r3qZ4Q=
gopkg.in/yaml.v2 v2.4.0 h1:D8xgwECY7CYvx+Y2n4sBz93Jn9JRvxdiyyo8CTfuKaY=
gopkg.in/yaml.v2 v2.4.0/go.mod h1:RDklbk79AGWmwhnvt/jBztapEOGDOx6ZbXqjP6csGnQ=
gopkg.in/yaml.v3 v3.0.1 h1:fxVm/GzAzEWqLHuvctI91KS9hhNmmWOoWu0XTYJS7CA=
gopkg.in/yaml.v3 v3.0.1/go.mod h1:K4uyk7z7BCEPqu6E+C64Yfv1cQ7kz7rIZviUmN+EgEM=
