cloudeng.io/cmdutil v0.0.0-20240204011218-453d510d0c93 h1:zMGTlchU/8CkdAiwKLGKAbvgvL5h1qlX1QFmiJZwSp4=
cloudeng.io/cmdutil v0.0.0-20240204011218-453d510d0c93/go.mod h1:bpwFzmwjrw07Hg8zEP1CjfpJqII475r2j4GYMjLQN/E=
cloudeng.io/debug v0.0.0-20231026032435-4ad1389db593 h1:WEFkomseqbtoV3sDgMh25BeMUjajGB3nFRUbV1X/auo=
cloudeng.io/debug v0.0.0-20231026032435-4ad1389db593/go.mod h1:L94l9rix3PTZaCmlR4UiHtcU0ZVlFu5/BWbwgWSqqqk=
cloudeng.io/errors v0.0.8/go.mod h1:xWamLL6tn3roKI6MRRFkw1jUkJL9s7CJzFYfaxuhHZk=
cloudeng.io/errors v0.0.9 h1:gHv7vqtI8pvhjJFsu4d60bYwOaT9sM6tn0ykoaw11WA=
cloudeng.io/errors v0.0.9/go.mod h1:xWamLL6tn3roKI6MRRFkw1jUkJL9s7CJzFYfaxuhHZk=
cloudeng.io/file v0.0.0-20240212200506-2ec62caddad8 h1:V+RR/Z81/gwM4IzBILsThVV4VZra3PVlIxLvB+gmKd4=
cloudeng.io/file v0.0.0-20240212200506-2ec62caddad8/go.mod h1:YXIkqlmkw3GwyT3q+MzulnH5V613GwSQcCCgmc0qQoQ=
cloudeng.io/net v0.0.0-20240212200506-2ec62caddad8 h1:aw/V69DDOMEDeGVFVu+OqLknFFAeSJXUO49PAaE0jV8=
cloudeng.io/net v0.0.0-20240212200506-2ec62caddad8/go.mod h1:XuBu77qKsoYfixO8wiFE7dsYTJPqJsTVOjNBNQlMU1U=
cloudeng.io/os v0.0.0-20240212200506-2ec62caddad8 h1:Zd2z2ppFgxPWHVynZ+OYvnQIXgjJELLN+iEGH5cV7vg=
cloudeng.io/os v0.0.0-20240212200506-2ec62caddad8/go.mod h1:LCbe3oVM9g78qyxLnHI2yvuADEXnZPVbpoJyNCmr82M=
cloudeng.io/path v0.0.9 h1:4kqfJ2OJwScl4E+iTo41ofV+pc4y8ZevAfUVkGSNALI=
cloudeng.io/path v0.0.9/go.mod h1:ZNgON0dxZp8dA2igYqywNcB3cEc5cvJniYaYVPWy3l8=
cloudeng.io/sync v0.0.8 h1:N8o5Qo5sjxwDktWIW/7rfK14O74jGS3pprefjF3EFKA=
cloudeng.io/sync v0.0.8/go.mod h1:76qdZzMQSN+iPeQxY9MSbnSELKQmcd9E6pnfRgWgN8s=
cloudeng.io/sys v0.0.0-20240204011218-453d510d0c93 h1:JduPqYm09X8B+jnjE6YNdNa2ms3Nsiz0tg3I9zSs2F0=
cloudeng.io/sys v0.0.0-20240204011218-453d510d0c93/go.mod h1:ss1F/goB75czXadUWpagfam7BQGglfi+9JvY6QjmOfo=
cloudeng.io/text v0.0.11 h1:q3+p3gxwNdr/V+k4+77fj9QxVpUU8G7B4+v26m+sE8I=
cloudeng.io/text v0.0.11/go.mod h1:99L3CQ55YhUy2+lHlFPowYyCoXO86fmkvNtcMT2X3GU=
cloudeng.io/webapi/webapitestutil v0.0.0-20230204003545-f310593967e5 h1:jzjeFPX1nflSztwDt2Xv+IiqjBGkkSB6vvwb5j7fjLQ=
cloudeng.io/webapi/webapitestutil v0.0.0-20230204003545-f310593967e5/go.mod h1:0tQ0jYj6jH3d4Jj0c2oOaB5TLbNwLu6kxQdS+2GbdbY=
github.com/creack/pty v1.1.9/go.mod h1:oKZEueFk5CKHvIhNR5MUki03XCEU+Q6VDXinZuGJ33E=
github.com/kr/pretty v0.2.1/go.mod h1:ipq/a2n7PKx3OHsz4KJII5eveXtPO4qwEXGdVfWzfnI=
github.com/kr/pretty v0.3.1 h1:flRD4NNwYAUpkphVc1HcthR4KEIFJ65n8Mw5qdRn3LE=
github.com/kr/pretty v0.3.1/go.mod h1:hoEshYVHaxMs3cyo3Yncou5ZscifuDolrwPKZanG3xk=
github.com/kr/pty v1.1.1/go.mod h1:pFQYn66WHrOpPYNljwOMqo10TkYh1fy3cYio2l3bCsQ=
github.com/kr/text v0.1.0/go.mod h1:4Jbv+DJW3UT/LiOwJeYQe1efqtUx/iVham/4vfdArNI=
github.com/kr/text v0.2.0 h1:5Nx0Ya0ZqY2ygV366QzturHI13Jq95ApcVaJBhpS+AY=
github.com/kr/text v0.2.0/go.mod h1:eLer722TekiGuMkidMxC/pM04lWEeraHUUmBw8l2grE=
github.com/pkg/diff v0.0.0-20210226163009-20ebb0f2a09e/go.mod h1:pJLUxLENpZxwdsKMEsNbx1VGcRFpLqf3715MtcvvzbA=
github.com/rogpeppe/go-internal v1.9.0/go.mod h1:WtVeX8xhTBvf0smdhujwtBcq4Qrzq/fJaraNFVN+nFs=
github.com/rogpeppe/go-internal v1.12.0 h1:exVL4IDcn6na9z1rAb56Vxr+CgyK3nn3O+epU5NdKM8=
github.com/rogpeppe/go-internal v1.12.0/go.mod h1:E+RYuTGaKKdloAfM02xzb0FW3Paa99yedzYV+kq4uf4=
golang.org/x/net v0.21.0 h1:AQyQV4dYCvJ7vGmJyKki9+PBdyvhkSd8EIx/qb0AYv4=
golang.org/x/net v0.21.0/go.mod h1:bIjVDfnllIU7BJ2DNgfnXvpSvtn8VRwhlsaeUTyUS44=
golang.org/x/sys v0.17.0 h1:25cE3gD+tdBA7lp7QfhuV+rJiE9YXTcS3VG1SqssI/Y=
golang.org/x/sys v0.17.0/go.mod h1:/VUhepiaJMQUp4+oa/7Zr1D23ma6VTLIYjOOTFZPUcA=
gopkg.in/check.v1 v0.0.0-20161208181325-20d25e280405/go.mod h1:Co6ibVJAznAaIkqp8huTwlJQCZ016jof/cbN4VW5Yz0=
gopkg.in/check.v1 v1.0.0-20201130134442-10cb98267c6c h1:Hei/4ADfdWqJk1ZMxUNpqntNwaWcugrBjAiHlqqRiVk=
gopkg.in/check.v1 v1.0.0-20201130134442-10cb98267c6c/go.mod h1:JHkPIbrfpd72SG/EVd6muEfDQjcINNoR0C8j2r3qZ4Q=
gopkg.in/yaml.v2 v2.4.0 h1:D8xgwECY7CYvx+Y2n4sBz93Jn9JRvxdiyyo8CTfuKaY=
gopkg.in/yaml.v2 v2.4.0/go.mod h1:RDklbk79AGWmwhnvt/jBztapEOGDOx6ZbXqjP6csGnQ=
gopkg.in/yaml.v3 v3.0.1 h1:fxVm/GzAzEWqLHuvctI91KS9hhNmmWOoWu0XTYJS7CA=
gopkg.in/yaml.v3 v3.0.1/go.mod h1:K4uyk7z7BCEPqu6E+C64Yfv1cQ7kz7rIZviUmN+EgEM=
