cloudeng.io/cmdutil v0.0.0-20230312221813-da01e4f43232 h1:8BmBDI/yQkiHX3eZVeVe2UCOFMSBKl3WcGWPk4suD2c=
cloudeng.io/cmdutil v0.0.0-20230312221813-da01e4f43232/go.mod h1:61z66hghBT6seTJlHsFMJwdNEfP1xOpj/H36uojYX0A=
cloudeng.io/cmdutil v0.0.0-20230314235058-45ee90f9cff7 h1:r/hVIYIeEyv8ZwfpCKeEbfObEUKSUfjQqw2Igekb6fg=
cloudeng.io/cmdutil v0.0.0-20230314235058-45ee90f9cff7/go.mod h1:61z66hghBT6seTJlHsFMJwdNEfP1xOpj/H36uojYX0A=
cloudeng.io/cmdutil v0.0.0-20230407173430-009f9463094e h1:eQu/Lr1e5Uaylr+WecXb+SM1KnE0Rta2zAzJyBn0Sqc=
cloudeng.io/cmdutil v0.0.0-20230407173430-009f9463094e/go.mod h1:61z66hghBT6seTJlHsFMJwdNEfP1xOpj/H36uojYX0A=
cloudeng.io/debug v0.0.0-20230105021008-948d22470af5 h1:zsKXQfoCtN7whSQIdpArUNxKTtQG3+vpd1XJ8qzcWBA=
cloudeng.io/errors v0.0.8 h1:WEpTcAYnL2wsPm0qfMpXRupoO61DahxbD4doPKbsaGY=
cloudeng.io/errors v0.0.8/go.mod h1:xWamLL6tn3roKI6MRRFkw1jUkJL9s7CJzFYfaxuhHZk=
cloudeng.io/file v0.0.0-20230312221813-da01e4f43232 h1:F1k6CQwlL796LCjlQBtWR2aWowAR17JD/52LctQBDTg=
cloudeng.io/file v0.0.0-20230312221813-da01e4f43232/go.mod h1:zH9aoEaRDhpgJALgId1TErUwe2+numK9MkeJ9LUJUBg=
cloudeng.io/file v0.0.0-20230314235058-45ee90f9cff7 h1:yosnc33iMj8X8IyorPHsRsFzb6N4MVoiOFlD/gKGzQQ=
cloudeng.io/file v0.0.0-20230314235058-45ee90f9cff7/go.mod h1:zH9aoEaRDhpgJALgId1TErUwe2+numK9MkeJ9LUJUBg=
cloudeng.io/file v0.0.0-20230407173430-009f9463094e h1:EbkiUD4f99KrLwSKlsILHkVs017Bpi6zaBoXcYAGD64=
cloudeng.io/file v0.0.0-20230407173430-009f9463094e/go.mod h1:9C9esMKDLCmhV195DViRrDdCaXKuG+CTvUTMkOFAvoo=
cloudeng.io/net v0.0.0-20230312221813-da01e4f43232 h1:WtIbE+ddI0wxAo701oafll6v7ANX+j+UDXPS6H8BzKQ=
cloudeng.io/net v0.0.0-20230312221813-da01e4f43232/go.mod h1:4TtqwU62cwzOBTm20oTBQqsJu3bNmFV8saDsJRCN21M=
cloudeng.io/net v0.0.0-20230314235058-45ee90f9cff7 h1:b83zvN4eWNXQ16QylPoYel9cDZBPNS1hiRa/LgOudXo=
cloudeng.io/net v0.0.0-20230314235058-45ee90f9cff7/go.mod h1:4TtqwU62cwzOBTm20oTBQqsJu3bNmFV8saDsJRCN21M=
cloudeng.io/net v0.0.0-20230407163416-8557960c5bd9 h1:vwh6e5Tq3/EWMiGrPLV47yeg0+S6RHQhoa3FriDbcmI=
cloudeng.io/net v0.0.0-20230407163416-8557960c5bd9/go.mod h1:4TtqwU62cwzOBTm20oTBQqsJu3bNmFV8saDsJRCN21M=
cloudeng.io/os v0.0.0-20230312221813-da01e4f43232 h1:PO83nUZRWGZ61LRvMEQzOjBR8m39vmMWNXUqNfJIBvA=
cloudeng.io/os v0.0.0-20230312221813-da01e4f43232/go.mod h1:VaeqTUuJjqsGWuUAz4ZK9e2/RVXvV138F1X+8t+UyoI=
cloudeng.io/os v0.0.0-20230314235058-45ee90f9cff7 h1:2SUk8EVgpx2G07SNPZjqxFx0pBGdYbu3gA2rwQGP3xg=
cloudeng.io/os v0.0.0-20230314235058-45ee90f9cff7/go.mod h1:VaeqTUuJjqsGWuUAz4ZK9e2/RVXvV138F1X+8t+UyoI=
cloudeng.io/os v0.0.0-20230407173430-009f9463094e h1:SzbbKclZaiY55HTt2x9cd/laZF10FeLINpOrTUa7jOQ=
cloudeng.io/os v0.0.0-20230407173430-009f9463094e/go.mod h1:VaeqTUuJjqsGWuUAz4ZK9e2/RVXvV138F1X+8t+UyoI=
cloudeng.io/path v0.0.8 h1:wyHHEJLPoHe8jq6I7xJxM90Cy8hVkMNvW+jEQRvF3lg=
cloudeng.io/path v0.0.8/go.mod h1:S9dU9pNDkx0EUIHY+Pcyfzs3/cItCI9lyClkwqv0PtM=
cloudeng.io/sync v0.0.8 h1:N8o5Qo5sjxwDktWIW/7rfK14O74jGS3pprefjF3EFKA=
cloudeng.io/sync v0.0.8/go.mod h1:76qdZzMQSN+iPeQxY9MSbnSELKQmcd9E6pnfRgWgN8s=
cloudeng.io/sys v0.0.0-20230309184059-9263072b1423/go.mod h1:Lt8onmpJi8I5Xt2EyHtIfPkn4YaH12n4ehTr199ZGjY=
cloudeng.io/text v0.0.11 h1:q3+p3gxwNdr/V+k4+77fj9QxVpUU8G7B4+v26m+sE8I=
cloudeng.io/text v0.0.11/go.mod h1:99L3CQ55YhUy2+lHlFPowYyCoXO86fmkvNtcMT2X3GU=
cloudeng.io/webapi/operations v0.0.0-20230312230046-27283ce75522 h1:NxQuueq8YsEXKkPF+3n4jCfMQfdZwIbGsqm0o96G/R8=
cloudeng.io/webapi/operations v0.0.0-20230312230046-27283ce75522/go.mod h1:CyjyhIxUssYqNN9PG+wUndGguV6/EvzkA+csRcLO/ZQ=
cloudeng.io/webapi/operations v0.0.0-20230315040058-589f21ebab51 h1:gg5RceZRhmAlTvnNl6dFoMD3SI0c6Kb/A8vRXcNmyqQ=
cloudeng.io/webapi/operations v0.0.0-20230315040058-589f21ebab51/go.mod h1:dkpmv2WiHy+tPrcbIOwASBXzvAShOCZ/bs7QwswPuzo=
cloudeng.io/webapi/operations v0.0.0-20230315172443-60f4854a6126 h1:rZIht7n7fTtnqLQzx0UYk5/cXDNPWcsk74aNX8ihZtc=
cloudeng.io/webapi/operations v0.0.0-20230315172443-60f4854a6126/go.mod h1:ct7/ejH+/lyXhrTeTLT07/0iNF8rghg03GWy3OgK1Nc=
cloudeng.io/webapi/webapitestutil v0.0.0-20230204003545-f310593967e5 h1:jzjeFPX1nflSztwDt2Xv+IiqjBGkkSB6vvwb5j7fjLQ=
github.com/yuin/goldmark v1.4.13/go.mod h1:6yULJ656Px+3vBD8DxQVa3kxgyrAnzto9xy5taEt/CY=
golang.org/x/crypto v0.0.0-20190308221718-c2843e01d9a2/go.mod h1:djNgcEr1/C05ACkg1iLfiJU5Ep61QUkGW8qpdssI0+w=
golang.org/x/crypto v0.0.0-20210921155107-089bfa567519/go.mod h1:GvvjBRRGRdwPK5ydBHafDWAxML/pGHZbMvKqRZ5+Abc=
golang.org/x/mod v0.6.0-dev.0.20220419223038-86c51ed26bb4/go.mod h1:jJ57K6gSWd91VN4djpZkiMVwK6gcyfeH4XE8wZrZaV4=
golang.org/x/mod v0.7.0/go.mod h1:iBbtSCu2XBx23ZKBPSOrRkjjQPZFPuis4dIYUhu/chs=
golang.org/x/net v0.0.0-20190620200207-3b0461eec859/go.mod h1:z5CRVTTTmAJ677TzLLGU+0bjPO0LkuOLi4/5GtJWs/s=
golang.org/x/net v0.0.0-20210226172049-e18ecbb05110/go.mod h1:m0MpNAwzfU5UDzcl9v0D8zg8gWTRqZa9RBIspLL5mdg=
golang.org/x/net v0.0.0-20220722155237-a158d28d115b/go.mod h1:XRhObCWvk6IyKnWLug+ECip1KBveYUHfp+8e9klMJ9c=
golang.org/x/net v0.8.0 h1:Zrh2ngAOFYneWTAIAPethzeaQLuHwhuBkuV6ZiRnUaQ=
golang.org/x/net v0.8.0/go.mod h1:QVkue5JL9kW//ek3r6jTKnTFis1tRmNAW2P1shuFdJc=
golang.org/x/net v0.9.0 h1:aWJ/m6xSmxWBx+V0XRHTlrYrPG56jKsLdTFmsSsCzOM=
golang.org/x/net v0.9.0/go.mod h1:d48xBJpPfHeWQsugry2m+kC02ZBRGRgulfHnEXEuWns=
golang.org/x/sync v0.0.0-20190423024810-112230192c58/go.mod h1:RxMgew5VJxzue5/jJTE5uejpjVlOe/izrB70Jof72aM=
golang.org/x/sync v0.0.0-20220722155255-886fb9371eb4/go.mod h1:RxMgew5VJxzue5/jJTE5uejpjVlOe/izrB70Jof72aM=
golang.org/x/sys v0.0.0-20190215142949-d0b11bdaac8a/go.mod h1:STP8DvDyc/dI5b8T5hshtkjS+E42TnysNCUPdjciGhY=
golang.org/x/sys v0.0.0-20201119102817-f84b799fce68/go.mod h1:h1NjWce9XRLGQEsW7wpKNCjG9DtNlClVuFLEZdDNbEs=
golang.org/x/sys v0.0.0-20210615035016-665e8c7367d1/go.mod h1:oPkhp1MJrh7nUepCBck5+mAzfO9JrbApNNgaTdGDITg=
golang.org/x/sys v0.0.0-20220520151302-bc2c85ada10a/go.mod h1:oPkhp1MJrh7nUepCBck5+mAzfO9JrbApNNgaTdGDITg=
golang.org/x/sys v0.0.0-20220722155257-8c9f86f7a55f/go.mod h1:oPkhp1MJrh7nUepCBck5+mAzfO9JrbApNNgaTdGDITg=
golang.org/x/sys v0.6.0/go.mod h1:oPkhp1MJrh7nUepCBck5+mAzfO9JrbApNNgaTdGDITg=
golang.org/x/term v0.0.0-20201126162022-7de9c90e9dd1/go.mod h1:bj7SfCRtBDWHUb9snDiAeCFNEtKQo2Wmx5Cou7ajbmo=
golang.org/x/term v0.0.0-20210927222741-03fcf44c2211/go.mod h1:jbD1KX2456YbFQfuXm/mYQcufACuNUgVhRMnK/tPxf8=
golang.org/x/text v0.3.0/go.mod h1:NqM8EUOU14njkJ3fqMW+pc6Ldnwhi/IjpwHt7yyuwOQ=
golang.org/x/text v0.3.3/go.mod h1:5Zoc/QRtKVWzQhOtBMvqHzDpF6irO9z98xDceosuGiQ=
golang.org/x/text v0.3.7/go.mod h1:u+2+/6zg+i71rQMx5EYifcz6MCKuco9NR6JIITiCfzQ=
golang.org/x/tools v0.0.0-20180917221912-90fa682c2a6e/go.mod h1:n7NCudcB/nEzxVGmLbDWY5pfWTLqBcC2KZ6jyYvM4mQ=
golang.org/x/tools v0.0.0-20191119224855-298f0cb1881e/go.mod h1:b+2E5dAYhXwXZwtnZ6UAqBI28+e2cm9otk0dWdXHAEo=
golang.org/x/tools v0.1.12/go.mod h1:hNGJHUnrk76NpqgfD5Aqm5Crs+Hm0VOH/i9J2+nxYbc=
golang.org/x/xerrors v0.0.0-20190717185122-a985d3407aa7/go.mod h1:I/5z698sn9Ka8TeJc9MKroUUfqBBauWjQqLJ2OPfmY0=
gopkg.in/check.v1 v0.0.0-20161208181325-20d25e280405 h1:yhCVgyC4o1eVCa2tZl7eS0r+SDo693bJlVdllGtEeKM=
gopkg.in/check.v1 v0.0.0-20161208181325-20d25e280405/go.mod h1:Co6ibVJAznAaIkqp8huTwlJQCZ016jof/cbN4VW5Yz0=
gopkg.in/yaml.v2 v2.4.0 h1:D8xgwECY7CYvx+Y2n4sBz93Jn9JRvxdiyyo8CTfuKaY=
gopkg.in/yaml.v2 v2.4.0/go.mod h1:RDklbk79AGWmwhnvt/jBztapEOGDOx6ZbXqjP6csGnQ=
gopkg.in/yaml.v3 v3.0.1 h1:fxVm/GzAzEWqLHuvctI91KS9hhNmmWOoWu0XTYJS7CA=
gopkg.in/yaml.v3 v3.0.1/go.mod h1:K4uyk7z7BCEPqu6E+C64Yfv1cQ7kz7rIZviUmN+EgEM=
