cloudeng.io/algo v0.0.0-20260108054113-6b0ece4b9fa3 h1:ySfrAPmxwYEZuPWtSEm/UIcEDEdbdCN76ZMjJNbattA=
cloudeng.io/algo v0.0.0-20260108054113-6b0ece4b9fa3/go.mod h1:UZ8vyc4kEQUKOdaj5K0KfFZjUbSguHKBTEkhzA17zmw=
cloudeng.io/cmdutil v0.0.0-20260108221821-c297f12474b8 h1:EhhmS2OxX91FdFKBtAb0NwmwwT8ify82h+bcFDidp9o=
cloudeng.io/cmdutil v0.0.0-20260108221821-c297f12474b8/go.mod h1:wwS0R+LLbj/YrAOB7ae4HHGA18olmggBlf/rPs/f2UM=
cloudeng.io/debug v0.0.0-20251104042927-f7e1e5e3ef21 h1:8X8fYjZHc+kayF+OuT1dCJw1/W/8sNybcHEKSYmK8TY=
cloudeng.io/debug v0.0.0-20251104042927-f7e1e5e3ef21/go.mod h1:XmMPhxxJQ3OEPfcwsIUNqj9cjlTiwwSDK3hCCAQYeLw=
cloudeng.io/errors v0.0.13 h1:VNAhh/LMgXDzfSx/LxeYU+A6UUBP6K65yTyvQd2OJ5E=
cloudeng.io/errors v0.0.13/go.mod h1:+IAMDlCNxHDxlWE9vjkPxED0d7Wzt7Nl3REebuCO4m8=
cloudeng.io/file v0.0.0-20260108221821-c297f12474b8 h1:E225xow2n/1HD6lhrVUnaPxIS3HxdVArUpPVLxqviQY=
cloudeng.io/file v0.0.0-20260108221821-c297f12474b8/go.mod h1:vCRzdxyGkyTDq0KjdG2Z1cmEXM/Cof6mO1LkYv7WJos=
cloudeng.io/logging v0.0.0-20260108192015-3dc1bcfdd4c2 h1:ymFOJUvfZ5XhoejF59f9Ts8/NurX2NxJDfaVx9ewcms=
cloudeng.io/logging v0.0.0-20260108192015-3dc1bcfdd4c2/go.mod h1:D0TUs3Aiwa1c7xI/TE7JITYnICck34r6DR5twakJjIs=
cloudeng.io/net v0.0.0-20260108192015-3dc1bcfdd4c2 h1:/ZnaJOQm99HGJQtf4+bo9IyftvS1Ark6dd1FgAml5sY=
cloudeng.io/net v0.0.0-20260108192015-3dc1bcfdd4c2/go.mod h1:oHtaAJ5yc0uZXctcnPX60pq+HY6xs/OpD9KxrYirmNw=
cloudeng.io/os v0.0.0-20260108192015-3dc1bcfdd4c2 h1:AIKpRDyI3OkV94Sv9BiYgaRBemHSfkBg49xe4pAfRvU=
cloudeng.io/os v0.0.0-20260108192015-3dc1bcfdd4c2/go.mod h1:zw0ZKJBAlCmsML2Da6EGKv6+TqOhoy5/5pYHvCFb9h8=
cloudeng.io/path v0.0.10-0.20251104042927-f7e1e5e3ef21 h1:OwB7hfADF535aPDqCXub7RwKQe2EetwkPnjMEL2Pfcw=
cloudeng.io/path v0.0.10-0.20251104042927-f7e1e5e3ef21/go.mod h1:ccynIQ1MFpXwq64qIinaLjOxqqsTQc5cNjccXKDl+aM=
cloudeng.io/sync v0.0.9-0.20251104042927-f7e1e5e3ef21 h1:euZCs56b25in7dFfFScc5nlmBiMlGvUdTjloGPA9c+w=
cloudeng.io/sync v0.0.9-0.20251104042927-f7e1e5e3ef21/go.mod h1:bPp7qbb4lSaOsQEAsGX7NCvyKAgekc4/Vxd2yYeyVM0=
cloudeng.io/sys v0.0.0-20260108054113-6b0ece4b9fa3 h1:VXm70ZMfCsIJ6chiLdJou+EkyefAOvL3kg8FKv1ClBs=
cloudeng.io/sys v0.0.0-20260108054113-6b0ece4b9fa3/go.mod h1:uYoxAmkWot8hXRb/H6nxrM8Fbhoq5Kzv957WWVpti0o=
cloudeng.io/text v0.0.13 h1:ivKGX9ssgYKrXQt+csSOA/HTmsdbxrVUnkCQyikI7ok=
cloudeng.io/text v0.0.13/go.mod h1:6rDG6qEzGxe8ePNBz7VwSf0ps9p9ihDB/uXSFR0CJvk=
cloudeng.io/webapi/operations v0.0.0-20251208164608-acc885628e1d h1:gpgzgpzKNgo82QN9UIirH82jU97LJxq+vCFOdRW6poE=
cloudeng.io/webapi/operations v0.0.0-20251208164608-acc885628e1d/go.mod h1:6QJzrJaEiqpNW+GdOn7AOlZkPYUaYMXCrycR58RKpwg=
cloudeng.io/webapi/webapitestutil v0.0.0-20251130225646-0291ae2156bd h1:zY8EJ7MjyOaOH50UoLkks3zD+1YgGOhkhPUKVG/g23o=
cloudeng.io/webapi/webapitestutil v0.0.0-20251130225646-0291ae2156bd/go.mod h1:/v4SzjtAFY/+FcVh5IyVbulzZTfHbhuqN7qtcWZmHU0=
cloudeng.io/windows v0.0.0-20251203211350-c30caae1cc5e h1:88FLgbskFkcsZSgh3jncYqYBg1J2eLHGzmdp74APrCQ=
cloudeng.io/windows v0.0.0-20251203211350-c30caae1cc5e/go.mod h1:tUOArMXLISe8OY+lHimWwdHMev5N7MwQGczQgTYZb3Y=
github.com/creack/pty v1.1.9/go.mod h1:oKZEueFk5CKHvIhNR5MUki03XCEU+Q6VDXinZuGJ33E=
github.com/kr/pretty v0.3.1 h1:flRD4NNwYAUpkphVc1HcthR4KEIFJ65n8Mw5qdRn3LE=
github.com/kr/pretty v0.3.1/go.mod h1:hoEshYVHaxMs3cyo3Yncou5ZscifuDolrwPKZanG3xk=
github.com/kr/text v0.2.0 h1:5Nx0Ya0ZqY2ygV366QzturHI13Jq95ApcVaJBhpS+AY=
github.com/kr/text v0.2.0/go.mod h1:eLer722TekiGuMkidMxC/pM04lWEeraHUUmBw8l2grE=
github.com/rogpeppe/go-internal v1.14.1 h1:UQB4HGPB6osV0SQTLymcB4TgvyWu6ZyliaW0tI/otEQ=
github.com/rogpeppe/go-internal v1.14.1/go.mod h1:MaRKkUm5W0goXpeCfT7UZI6fk/L7L7so1lCWt35ZSgc=
golang.org/x/net v0.48.0 h1:zyQRTTrjc33Lhh0fBgT/H3oZq9WuvRR5gPC70xpDiQU=
golang.org/x/net v0.48.0/go.mod h1:+ndRgGjkh8FGtu1w1FGbEC31if4VrNVMuKTgcAAnQRY=
golang.org/x/sys v0.40.0 h1:DBZZqJ2Rkml6QMQsZywtnjnnGvHza6BTfYFWY9kjEWQ=
golang.org/x/sys v0.40.0/go.mod h1:OgkHotnGiDImocRcuBABYBEXf8A9a87e/uXjp9XT3ks=
gopkg.in/check.v1 v0.0.0-20161208181325-20d25e280405/go.mod h1:Co6ibVJAznAaIkqp8huTwlJQCZ016jof/cbN4VW5Yz0=
gopkg.in/check.v1 v1.0.0-20201130134442-10cb98267c6c h1:Hei/4ADfdWqJk1ZMxUNpqntNwaWcugrBjAiHlqqRiVk=
gopkg.in/check.v1 v1.0.0-20201130134442-10cb98267c6c/go.mod h1:JHkPIbrfpd72SG/EVd6muEfDQjcINNoR0C8j2r3qZ4Q=
gopkg.in/yaml.v3 v3.0.1 h1:fxVm/GzAzEWqLHuvctI91KS9hhNmmWOoWu0XTYJS7CA=
gopkg.in/yaml.v3 v3.0.1/go.mod h1:K4uyk7z7BCEPqu6E+C64Yfv1cQ7kz7rIZviUmN+EgEM=
