cloudeng.io/algo v0.0.0-20260605174237-2d6c1041426f h1:/JXGoXDjc4FC4ZeCt3VpBHEFxwfWgecDuo9NKOL+KkU=
cloudeng.io/algo v0.0.0-20260605174237-2d6c1041426f/go.mod h1:RviATRkvpjHAOwS8occSGbKCRTLLdFygPp7pE23XMZ8=
cloudeng.io/cmdutil v0.0.0-20260605174237-2d6c1041426f h1:+evZdNMGRjmvITCisFTom0Ms23r+i4YV85Gkv3vnADI=
cloudeng.io/cmdutil v0.0.0-20260605174237-2d6c1041426f/go.mod h1:8dVZj4TjUufzyq51vEIyS+Rr5qmbcx6cHFbt5/66ZhI=
cloudeng.io/debug v0.0.0-20260527194618-4cb6d4558850 h1:gUar3YNqSdi+uvszdB44uBuutJnWWZX1lzAzlT/Y0IA=
cloudeng.io/debug v0.0.0-20260527194618-4cb6d4558850/go.mod h1:MECwal0eFhXI3wixLVjNGnXohW4qGQRg+J68yQWmi9k=
cloudeng.io/errors v0.0.14-0.20260312171538-61fcde6ce278 h1:zvkZ9WBpBjerUAhl+SLCcQLar2mNdsA0kFc0Ku5NKVQ=
cloudeng.io/errors v0.0.14-0.20260312171538-61fcde6ce278/go.mod h1:6TivTMjXopNNZ0eNsac9MfYij1WC6R0gJcsSIxcunIA=
cloudeng.io/file v0.0.0-20260605174237-2d6c1041426f h1:vQhvtZb5ZoCoBaG9FmQneEiuxES+IZgea2vL7v34aIE=
cloudeng.io/file v0.0.0-20260605174237-2d6c1041426f/go.mod h1:eHiRDee5zeraqP6HHREAznKhqEMH72nVBIF10f9zvVg=
cloudeng.io/logging v0.0.0-20260605174237-2d6c1041426f h1:dtS7E66bIxhbCxCCCSWP5a9Ftjk6uJRWVMbJ6wNAGE4=
cloudeng.io/logging v0.0.0-20260605174237-2d6c1041426f/go.mod h1:1srNtLRpQsIoLck/p/JmvR/QfwfPbDO/65orqtdh1N0=
cloudeng.io/os v0.0.0-20260605174237-2d6c1041426f h1:sfxEuPGFHLWyCfQsSTnaccQ+hkYeTcnsPy7W35r7814=
cloudeng.io/os v0.0.0-20260605174237-2d6c1041426f/go.mod h1:8+NOElfbKi78EFT2pfI2sHwYC0uEESmft9AvklmmMwg=
cloudeng.io/path v0.0.10-0.20260312171538-61fcde6ce278 h1:REi7wHqzb//83YtX5gkhLdUzlzNuReVHyTpBeuRmJ2A=
cloudeng.io/path v0.0.10-0.20260312171538-61fcde6ce278/go.mod h1:zAHxwBvZ4Ijb3WiUeGwp+HU3Qqlo8oBFzShAlRW/92A=
cloudeng.io/sync v0.0.11 h1:w0KEssgwRzTwZ0ZVNaNmBExkvy+GBHK6rdokFSZE7H0=
cloudeng.io/sync v0.0.11/go.mod h1:F9NpbM4iI6Rg74moXYpFdAU+ljdB9RKLWNuYvF0cFJE=
cloudeng.io/sys v0.0.0-20260602205728-76c4accb8394 h1:aV9kR/uKp9KAr8FM1n9gDPe7o0s5+vxJnj+fIkUGorM=
cloudeng.io/sys v0.0.0-20260602205728-76c4accb8394/go.mod h1:qG5T8kpTw7woREyNcrh5O5sbTSINaCNXz+OGoHTVHPw=
cloudeng.io/text v0.0.16-0.20260312171538-61fcde6ce278 h1:pGH7HR6EiZ7mceD00OY2vdKSqvIUYt+1F/b3G63O6uo=
cloudeng.io/text v0.0.16-0.20260312171538-61fcde6ce278/go.mod h1:bZd+iMNGHuFhRwk30Ife7WW56IZAMnAqApeEt4KEc0c=
cloudeng.io/webapi/webapitestutil v0.0.0-20260108223722-702b7fae5336 h1:EkHAqC5xT0yHG7wD3vN+pMGdTjjLvSN2CPqrAJGgVds=
cloudeng.io/webapi/webapitestutil v0.0.0-20260108223722-702b7fae5336/go.mod h1:/v4SzjtAFY/+FcVh5IyVbulzZTfHbhuqN7qtcWZmHU0=
cloudeng.io/windows v0.0.0-20251203211350-c30caae1cc5e h1:88FLgbskFkcsZSgh3jncYqYBg1J2eLHGzmdp74APrCQ=
cloudeng.io/windows v0.0.0-20251203211350-c30caae1cc5e/go.mod h1:tUOArMXLISe8OY+lHimWwdHMev5N7MwQGczQgTYZb3Y=
github.com/kr/pretty v0.3.1 h1:flRD4NNwYAUpkphVc1HcthR4KEIFJ65n8Mw5qdRn3LE=
github.com/kr/pretty v0.3.1/go.mod h1:hoEshYVHaxMs3cyo3Yncou5ZscifuDolrwPKZanG3xk=
github.com/kr/text v0.2.0 h1:5Nx0Ya0ZqY2ygV366QzturHI13Jq95ApcVaJBhpS+AY=
github.com/kr/text v0.2.0/go.mod h1:eLer722TekiGuMkidMxC/pM04lWEeraHUUmBw8l2grE=
github.com/rogpeppe/go-internal v1.14.1 h1:UQB4HGPB6osV0SQTLymcB4TgvyWu6ZyliaW0tI/otEQ=
github.com/rogpeppe/go-internal v1.14.1/go.mod h1:MaRKkUm5W0goXpeCfT7UZI6fk/L7L7so1lCWt35ZSgc=
golang.org/x/net v0.55.0 h1:bcvxaJn3e1U6InsFWt1JUq1aSjnRxLzT2rtD2KfkDF8=
golang.org/x/net v0.55.0/go.mod h1:L5U2KuzuOe1lY7Z+aWVIKK6qEeJXnXV9yzGA+WCHJww=
golang.org/x/sync v0.20.0 h1:e0PTpb7pjO8GAtTs2dQ6jYa5BWYlMuX047Dco/pItO4=
golang.org/x/sync v0.20.0/go.mod h1:9xrNwdLfx4jkKbNva9FpL6vEN7evnE43NNNJQ2LF3+0=
golang.org/x/sys v0.45.0 h1:dO4czNzziLiiXplLQgBCEpCvXQ3dnkn0SdaZSYdQ+FY=
golang.org/x/sys v0.45.0/go.mod h1:4GL1E5IUh+htKOUEOaiffhrAeqysfVGipDYzABqnCmw=
gopkg.in/check.v1 v0.0.0-20161208181325-20d25e280405/go.mod h1:Co6ibVJAznAaIkqp8huTwlJQCZ016jof/cbN4VW5Yz0=
gopkg.in/check.v1 v1.0.0-20201130134442-10cb98267c6c h1:Hei/4ADfdWqJk1ZMxUNpqntNwaWcugrBjAiHlqqRiVk=
gopkg.in/check.v1 v1.0.0-20201130134442-10cb98267c6c/go.mod h1:JHkPIbrfpd72SG/EVd6muEfDQjcINNoR0C8j2r3qZ4Q=
gopkg.in/yaml.v3 v3.0.1 h1:fxVm/GzAzEWqLHuvctI91KS9hhNmmWOoWu0XTYJS7CA=
gopkg.in/yaml.v3 v3.0.1/go.mod h1:K4uyk7z7BCEPqu6E+C64Yfv1cQ7kz7rIZviUmN+EgEM=
