cloudeng.io/algo v0.0.0-20260312171538-61fcde6ce278 h1:Icr62RVeDSySB4Cr58jVBt4tOxTgEvEHNch5EmgFaoU=
cloudeng.io/algo v0.0.0-20260312171538-61fcde6ce278/go.mod h1:pjXLOZUvlHDj9nF7WsB2ECQVxmwneZ/VVOAkMAnaxaE=
cloudeng.io/aws v0.0.0-20260312171538-61fcde6ce278 h1:U8IH4K9Gxp+GCR6/T9XBJuChALdktcxDAzDmobNV9OU=
cloudeng.io/aws v0.0.0-20260312171538-61fcde6ce278/go.mod h1:a/hFGxDuO6VfJpWl8YCjqWRVMRQs95xFsbZvbi1PyyE=
cloudeng.io/cmdutil v0.0.0-20260303213431-bb1cfd0f49cd h1:uclAs6yiG381MCcImgr1itF89zCQMN8Gy2LD6VCdIGc=
cloudeng.io/cmdutil v0.0.0-20260303213431-bb1cfd0f49cd/go.mod h1:7NQCTXnOcH0ptIUd12W92zew0L+xqreiIGBRdNWD2RQ=
cloudeng.io/cmdutil v0.0.0-20260312171538-61fcde6ce278 h1:hmxwKMBmlfE9lLJ/9qT3MSxyzOLarxkMRS/AVF9AHBs=
cloudeng.io/cmdutil v0.0.0-20260312171538-61fcde6ce278/go.mod h1:PLl/4OZ4f7KehdXkIqUfD+dG6PDWH4ELcGC5BPTP7wY=
cloudeng.io/datetime v0.0.0-20260312171538-61fcde6ce278 h1:Qjc3mP4WAVD1N27I6xwNScxXlnewzhP5/799GKFOIsQ=
cloudeng.io/datetime v0.0.0-20260312171538-61fcde6ce278/go.mod h1:BFcGOM2904dd1yzIp4dHicBOp2eLO5yvrY6WM4uvpoo=
cloudeng.io/debug v0.0.0-20260312171538-61fcde6ce278 h1:aGzAr8ZdwCisOwyyvymgYAdLaPIHeZOzE8nWFZOEcAk=
cloudeng.io/debug v0.0.0-20260312171538-61fcde6ce278/go.mod h1:lqnkxQcpZ4yfXoxHj+OVCydm/I8G+t4w1exrQdBVhTc=
cloudeng.io/errors v0.0.14-0.20260118175335-f191a42253cc h1:72rMkKasoDX95CNFZq9FcsfJLZQPpe87HrzJjSWwajI=
cloudeng.io/errors v0.0.14-0.20260118175335-f191a42253cc/go.mod h1:6TivTMjXopNNZ0eNsac9MfYij1WC6R0gJcsSIxcunIA=
cloudeng.io/errors v0.0.14-0.20260312171538-61fcde6ce278 h1:zvkZ9WBpBjerUAhl+SLCcQLar2mNdsA0kFc0Ku5NKVQ=
cloudeng.io/errors v0.0.14-0.20260312171538-61fcde6ce278/go.mod h1:6TivTMjXopNNZ0eNsac9MfYij1WC6R0gJcsSIxcunIA=
cloudeng.io/file v0.0.0-20260303213431-bb1cfd0f49cd h1:JzEdJUBClEv2fG48MAln16NwUSda3vD1rHFVFAsf/Ms=
cloudeng.io/file v0.0.0-20260303213431-bb1cfd0f49cd/go.mod h1:FBZeXNgmEzgTILCVKi8PKCvYfcZZB+D3qt8EYTcTWxE=
cloudeng.io/file v0.0.0-20260312171538-61fcde6ce278 h1:x1bX8humN7TI0TVlbbQ7s0dQA10w4KP1uTSk4CQtQ7U=
cloudeng.io/file v0.0.0-20260312171538-61fcde6ce278/go.mod h1:WVlLLiDCreK7mFnRctm4d8QuHMGASHOEUgy1qDg5n/c=
cloudeng.io/geospatial v0.0.0-20260312171538-61fcde6ce278 h1:lOgI6P9ymR+ZcnRPxiLARwxlwIW3Zst9iDOvKIoz620=
cloudeng.io/geospatial v0.0.0-20260312171538-61fcde6ce278/go.mod h1:W0U21miJxreaDxUiBlvtYe4qyx3ESEmPO1qw26sAygU=
cloudeng.io/google v0.0.0-20260312171538-61fcde6ce278 h1:FrKdlXjb6vHKxQANshp+y25TeEfNZUkUOQT9e9qP3Wc=
cloudeng.io/google v0.0.0-20260312171538-61fcde6ce278/go.mod h1:Lk8yv027GqcWU8qFz5eeb0KPlc6dfx4trHrK40hMKZA=
cloudeng.io/io v0.0.0-20260312171538-61fcde6ce278 h1:1Pfqemlt3aa1dfIzlkMunsmgibIaUQuHeEB9eomo7Pc=
cloudeng.io/io v0.0.0-20260312171538-61fcde6ce278/go.mod h1:UBofGL9buPo4290UO18JeW2sKmx10lpOQ6JF9/856yg=
cloudeng.io/logging v0.0.0-20260312171538-61fcde6ce278 h1:0dJME+1X+rIlCV42bL23Ua2cgTK9TKRD38N3GsxMI6o=
cloudeng.io/logging v0.0.0-20260312171538-61fcde6ce278/go.mod h1:1srNtLRpQsIoLck/p/JmvR/QfwfPbDO/65orqtdh1N0=
cloudeng.io/net v0.0.0-20260312171538-61fcde6ce278 h1:ggyEjZ8qKSzE8J8WlU5KpxKiuO5pJ010EkOOQg228Rk=
cloudeng.io/net v0.0.0-20260312171538-61fcde6ce278/go.mod h1:0cROdfgWrRBhcoYJGA6IUdf00dPEc+lKnRcJelNSQs4=
cloudeng.io/os v0.0.0-20260312171538-61fcde6ce278 h1:mPOTlm3SaXMI0bsJA611+IDXiA44Km/AhEZa+ORdNYU=
cloudeng.io/os v0.0.0-20260312171538-61fcde6ce278/go.mod h1:R/vUqNOE6SwTzKKd9Mdyq0XoDfybsoFqCyD5zBZpD9c=
cloudeng.io/path v0.0.10-0.20260312171538-61fcde6ce278 h1:REi7wHqzb//83YtX5gkhLdUzlzNuReVHyTpBeuRmJ2A=
cloudeng.io/path v0.0.10-0.20260312171538-61fcde6ce278/go.mod h1:zAHxwBvZ4Ijb3WiUeGwp+HU3Qqlo8oBFzShAlRW/92A=
cloudeng.io/security v0.0.0-20260312171538-61fcde6ce278 h1:vxRqwjnhWQpV2v+R7zoafbrr/0wUwMAZ4sTOQjefka4=
cloudeng.io/security v0.0.0-20260312171538-61fcde6ce278/go.mod h1:I5Iwu3EyEFL0RmE8lhCZnt+EcEXnUX7Zkl9gaQ8JwAw=
cloudeng.io/sync v0.0.9-0.20260312171538-61fcde6ce278 h1:i02u8EGZv0r5nOaqePkrwPFzUIEq/RuSBUeofyNCnE8=
cloudeng.io/sync v0.0.9-0.20260312171538-61fcde6ce278/go.mod h1:iDq9SVBMBs+AJJBXtKAlVaU27Dt9FpRbisiL+lyVSc0=
cloudeng.io/sys v0.0.0-20260312171538-61fcde6ce278 h1:XyMfCg0Ihc4+yO3sndRBLyWsV2gxdHpUDOELFENco5Q=
cloudeng.io/sys v0.0.0-20260312171538-61fcde6ce278/go.mod h1:RIGBxuMDVW4SrN08VdrNvYFQ3+VkGA8iZ8/j0ONLoO8=
cloudeng.io/text v0.0.15 h1:1ijxRX4LVNQNOLgayMH7YoUssH8RY0TgKxIG++JiOVE=
cloudeng.io/text v0.0.15/go.mod h1:bZd+iMNGHuFhRwk30Ife7WW56IZAMnAqApeEt4KEc0c=
cloudeng.io/text v0.0.16-0.20260312171538-61fcde6ce278 h1:pGH7HR6EiZ7mceD00OY2vdKSqvIUYt+1F/b3G63O6uo=
cloudeng.io/text v0.0.16-0.20260312171538-61fcde6ce278/go.mod h1:bZd+iMNGHuFhRwk30Ife7WW56IZAMnAqApeEt4KEc0c=
cloudeng.io/webapi/openapi v0.0.0-20260225163241-9ccf3cf80eda h1:pCfrCzVTZh26yZPTf/dFMIx4FrzKOF3IooaQD9QZ2m0=
cloudeng.io/webapi/openapi v0.0.0-20260225163241-9ccf3cf80eda/go.mod h1:4WpVg3yVc2Ir1FMK/wIxSoPT8WumYj2E7aiiRlRojgY=
github.com/davecgh/go-spew v1.1.2-0.20180830191138-d8f796af33cc h1:U9qPSI2PIWSS1VwoXQT9A3Wy9MM3WgvqSxFWenqJduM=
github.com/davecgh/go-spew v1.1.2-0.20180830191138-d8f796af33cc/go.mod h1:J7Y8YcW2NihsgmVo/mv3lAwl/skON4iLHjSsI+c5H38=
github.com/getkin/kin-openapi v0.133.0 h1:pJdmNohVIJ97r4AUFtEXRXwESr8b0bD721u/Tz6k8PQ=
github.com/getkin/kin-openapi v0.133.0/go.mod h1:boAciF6cXk5FhPqe/NQeBTeenbjqU4LhWBf09ILVvWE=
github.com/go-openapi/jsonpointer v0.22.5 h1:8on/0Yp4uTb9f4XvTrM2+1CPrV05QPZXu+rvu2o9jcA=
github.com/go-openapi/jsonpointer v0.22.5/go.mod h1:gyUR3sCvGSWchA2sUBJGluYMbe1zazrYWIkWPjjMUY0=
github.com/go-openapi/swag/jsonname v0.25.5 h1:8p150i44rv/Drip4vWI3kGi9+4W9TdI3US3uUYSFhSo=
github.com/go-openapi/swag/jsonname v0.25.5/go.mod h1:jNqqikyiAK56uS7n8sLkdaNY/uq6+D2m2LANat09pKU=
github.com/go-openapi/testify/v2 v2.4.1 h1:zB34HDKj4tHwyUQHrUkpV0Q0iXQ6dUCOQtIqn8hE6Iw=
github.com/go-openapi/testify/v2 v2.4.1/go.mod h1:HCPmvFFnheKK2BuwSA0TbbdxJ3I16pjwMkYkP4Ywn54=
github.com/go-test/deep v1.0.8 h1:TDsG77qcSprGbC6vTN8OuXp5g+J+b5Pcguhf7Zt61VM=
github.com/go-test/deep v1.0.8/go.mod h1:5C2ZWiW0ErCdrYzpqxLbTX7MG14M9iiw8DgHncVwcsE=
github.com/josharian/intern v1.0.0 h1:vlS4z54oSdjm0bgjRigI+G1HpF+tI+9rE5LLzOg8HmY=
github.com/josharian/intern v1.0.0/go.mod h1:5DoeVV0s6jJacbCEi61lwdGj/aVlrQvzHFFd8Hwg//Y=
github.com/kr/pretty v0.3.1 h1:flRD4NNwYAUpkphVc1HcthR4KEIFJ65n8Mw5qdRn3LE=
github.com/kr/pretty v0.3.1/go.mod h1:hoEshYVHaxMs3cyo3Yncou5ZscifuDolrwPKZanG3xk=
github.com/kr/text v0.2.0 h1:5Nx0Ya0ZqY2ygV366QzturHI13Jq95ApcVaJBhpS+AY=
github.com/kr/text v0.2.0/go.mod h1:eLer722TekiGuMkidMxC/pM04lWEeraHUUmBw8l2grE=
github.com/mailru/easyjson v0.9.1 h1:LbtsOm5WAswyWbvTEOqhypdPeZzHavpZx96/n553mR8=
github.com/mailru/easyjson v0.9.1/go.mod h1:1+xMtQp2MRNVL/V1bOzuP3aP8VNwRW55fQUto+XFtTU=
github.com/mohae/deepcopy v0.0.0-20170929034955-c48cc78d4826 h1:RWengNIwukTxcDr9M+97sNutRR1RKhG96O6jWumTTnw=
github.com/mohae/deepcopy v0.0.0-20170929034955-c48cc78d4826/go.mod h1:TaXosZuwdSHYgviHp1DAtfrULt5eUgsSMsZf+YrPgl8=
github.com/oasdiff/yaml v0.0.0-20250309154309-f31be36b4037 h1:G7ERwszslrBzRxj//JalHPu/3yz+De2J+4aLtSRlHiY=
github.com/oasdiff/yaml v0.0.0-20250309154309-f31be36b4037/go.mod h1:2bpvgLBZEtENV5scfDFEtB/5+1M4hkQhDQrccEJ/qGw=
github.com/oasdiff/yaml3 v0.0.0-20250309153720-d2182401db90 h1:bQx3WeLcUWy+RletIKwUIt4x3t8n2SxavmoclizMb8c=
github.com/oasdiff/yaml3 v0.0.0-20250309153720-d2182401db90/go.mod h1:y5+oSEHCPT/DGrS++Wc/479ERge0zTFxaF8PbGKcg2o=
github.com/perimeterx/marshmallow v1.1.5 h1:a2LALqQ1BlHM8PZblsDdidgv1mWi1DgC2UmX50IvK2s=
github.com/perimeterx/marshmallow v1.1.5/go.mod h1:dsXbUu8CRzfYP5a87xpp0xq9S3u0Vchtcl8we9tYaXw=
github.com/pmezard/go-difflib v1.0.1-0.20181226105442-5d4384ee4fb2 h1:Jamvg5psRIccs7FGNTlIRMkT8wgtp5eCXdBlqhYGL6U=
github.com/pmezard/go-difflib v1.0.1-0.20181226105442-5d4384ee4fb2/go.mod h1:iKH77koFhYxTK1pcRnkKkqfTogsbg7gZNVY4sRDYZ/4=
github.com/rogpeppe/go-internal v1.14.1 h1:UQB4HGPB6osV0SQTLymcB4TgvyWu6ZyliaW0tI/otEQ=
github.com/rogpeppe/go-internal v1.14.1/go.mod h1:MaRKkUm5W0goXpeCfT7UZI6fk/L7L7so1lCWt35ZSgc=
github.com/stretchr/testify v1.11.1 h1:7s2iGBzp5EwR7/aIZr8ao5+dra3wiQyKjjFuvgVKu7U=
github.com/stretchr/testify v1.11.1/go.mod h1:wZwfW3scLgRK+23gO65QZefKpKQRnfz6sD981Nm4B6U=
github.com/ugorji/go/codec v1.2.12 h1:9LC83zGrHhuUA9l16C9AHXAqEV/2wBQ4nkvumAE65EE=
github.com/ugorji/go/codec v1.2.12/go.mod h1:UNopzCgEMSXjBc6AOMqYvWC1ktqTAfzJZUZgYf6w6lg=
github.com/woodsbury/decimal128 v1.4.0 h1:xJATj7lLu4f2oObouMt2tgGiElE5gO6mSWUjQsBgUlc=
github.com/woodsbury/decimal128 v1.4.0/go.mod h1:BP46FUrVjVhdTbKT+XuQh2xfQaGki9LMIRJSFuh6THU=
golang.org/x/sys v0.42.0 h1:omrd2nAlyT5ESRdCLYdm3+fMfNFE/+Rf4bDIQImRJeo=
golang.org/x/sys v0.42.0/go.mod h1:4GL1E5IUh+htKOUEOaiffhrAeqysfVGipDYzABqnCmw=
gopkg.in/check.v1 v0.0.0-20161208181325-20d25e280405/go.mod h1:Co6ibVJAznAaIkqp8huTwlJQCZ016jof/cbN4VW5Yz0=
gopkg.in/check.v1 v1.0.0-20201130134442-10cb98267c6c h1:Hei/4ADfdWqJk1ZMxUNpqntNwaWcugrBjAiHlqqRiVk=
gopkg.in/check.v1 v1.0.0-20201130134442-10cb98267c6c/go.mod h1:JHkPIbrfpd72SG/EVd6muEfDQjcINNoR0C8j2r3qZ4Q=
gopkg.in/yaml.v3 v3.0.1 h1:fxVm/GzAzEWqLHuvctI91KS9hhNmmWOoWu0XTYJS7CA=
gopkg.in/yaml.v3 v3.0.1/go.mod h1:K4uyk7z7BCEPqu6E+C64Yfv1cQ7kz7rIZviUmN+EgEM=
