cloudeng.io/errors v0.0.8 h1:WEpTcAYnL2wsPm0qfMpXRupoO61DahxbD4doPKbsaGY=
cloudeng.io/file v0.0.0-20230621165441-1c2497a5edc2 h1:fwTXQvye0R2wdKPbb0NQBtxSjc15hz9m37xdUP3GjcU=
cloudeng.io/file v0.0.0-20230621165441-1c2497a5edc2/go.mod h1:svdodwp2fOBjFOl+rTWwlZiPF+fQB9Q8RuhdHvPQlfA=
cloudeng.io/net v0.0.0-20230427034012-5eaade00fd0f h1:/QBIx154AdzkL1yhPKTd5++RI7OuHpeEaXKj0+ojUGM=
cloudeng.io/net v0.0.0-20230427034012-5eaade00fd0f/go.mod h1:4TtqwU62cwzOBTm20oTBQqsJu3bNmFV8saDsJRCN21M=
cloudeng.io/path v0.0.8 h1:wyHHEJLPoHe8jq6I7xJxM90Cy8hVkMNvW+jEQRvF3lg=
cloudeng.io/sync v0.0.8 h1:N8o5Qo5sjxwDktWIW/7rfK14O74jGS3pprefjF3EFKA=
cloudeng.io/webapi/operations v0.0.0-20230427034846-b8c7e086a4e8 h1:R2RVWXMUEBAL+yC+kMqrp/WLXqVcIsZQ48RUTGVZEOU=
cloudeng.io/webapi/operations v0.0.0-20230427034846-b8c7e086a4e8/go.mod h1:2yXc4wGQMVzkSSVdWp/Hk8MvT0kS2n7cnrmoG1PKmrE=
cloudeng.io/webapi/webapitestutil v0.0.0-20230204003545-f310593967e5 h1:jzjeFPX1nflSztwDt2Xv+IiqjBGkkSB6vvwb5j7fjLQ=
